// !$*UTF8*$!
{
	archiveVersion = 1;
	classes = {
	};
	objectVersion = 46;
	objects = {

/* Begin PBXBuildFile section */
		A9AD6346137D092BA91494E3 /* Pods_booklendingUITests.framework in Frameworks */ = {isa = PBXBuildFile; fileRef = 000D25E026285A2B8E1C9CA4 /* Pods_booklendingUITests.framework */; };
		AF8CEAE5B944A9271AF04146 /* Pods_booklending.framework in Frameworks */ = {isa = PBXBuildFile; fileRef = BB5C21B068802BAD1A1EEF2E /* Pods_booklending.framework */; };
		CF09D65A6BC3ED81E6DD4232 /* Pods_booklendingTests.framework in Frameworks */ = {isa = PBXBuildFile; fileRef = C9A28935D0792F7BC6B81747 /* Pods_booklendingTests.framework */; };
		D63550C41E51AA4100C0EE3D /* AppDelegate.swift in Sources */ = {isa = PBXBuildFile; fileRef = D63550C31E51AA4100C0EE3D /* AppDelegate.swift */; };
		D63550C61E51AA4100C0EE3D /* ViewController.swift in Sources */ = {isa = PBXBuildFile; fileRef = D63550C51E51AA4100C0EE3D /* ViewController.swift */; };
		D63550C91E51AA4100C0EE3D /* Main.storyboard in Resources */ = {isa = PBXBuildFile; fileRef = D63550C71E51AA4100C0EE3D /* Main.storyboard */; };
		D63550CB1E51AA4100C0EE3D /* Assets.xcassets in Resources */ = {isa = PBXBuildFile; fileRef = D63550CA1E51AA4100C0EE3D /* Assets.xcassets */; };
		D63550CE1E51AA4100C0EE3D /* LaunchScreen.storyboard in Resources */ = {isa = PBXBuildFile; fileRef = D63550CC1E51AA4100C0EE3D /* LaunchScreen.storyboard */; };
		D63550D91E51AA4100C0EE3D /* booklendingTests.swift in Sources */ = {isa = PBXBuildFile; fileRef = D63550D81E51AA4100C0EE3D /* booklendingTests.swift */; };
		D63550E41E51AA4100C0EE3D /* booklendingUITests.swift in Sources */ = {isa = PBXBuildFile; fileRef = D63550E31E51AA4100C0EE3D /* booklendingUITests.swift */; };
		D63550F71E5314B900C0EE3D /* GoogleService-Info.plist in Resources */ = {isa = PBXBuildFile; fileRef = D63550F61E5314B900C0EE3D /* GoogleService-Info.plist */; };
		D63550FF1E5315E400C0EE3D /* RootController.swift in Sources */ = {isa = PBXBuildFile; fileRef = D63550FE1E5315E400C0EE3D /* RootController.swift */; };
/* End PBXBuildFile section */

/* Begin PBXContainerItemProxy section */
		D63550D51E51AA4100C0EE3D /* PBXContainerItemProxy */ = {
			isa = PBXContainerItemProxy;
			containerPortal = D63550B81E51AA4100C0EE3D /* Project object */;
			proxyType = 1;
			remoteGlobalIDString = D63550BF1E51AA4100C0EE3D;
			remoteInfo = booklending;
		};
		D63550E01E51AA4100C0EE3D /* PBXContainerItemProxy */ = {
			isa = PBXContainerItemProxy;
			containerPortal = D63550B81E51AA4100C0EE3D /* Project object */;
			proxyType = 1;
			remoteGlobalIDString = D63550BF1E51AA4100C0EE3D;
			remoteInfo = booklending;
		};
/* End PBXContainerItemProxy section */

/* Begin PBXFileReference section */
		000D25E026285A2B8E1C9CA4 /* Pods_booklendingUITests.framework */ = {isa = PBXFileReference; explicitFileType = wrapper.framework; includeInIndex = 0; path = Pods_booklendingUITests.framework; sourceTree = BUILT_PRODUCTS_DIR; };
		4900CC68FF7C707BF8671A35 /* Pods-booklendingUITests.release.xcconfig */ = {isa = PBXFileReference; includeInIndex = 1; lastKnownFileType = text.xcconfig; name = "Pods-booklendingUITests.release.xcconfig"; path = "Pods/Target Support Files/Pods-booklendingUITests/Pods-booklendingUITests.release.xcconfig"; sourceTree = "<group>"; };
		6B4FCD6F738D9D901649BA0F /* Pods-booklending.release.xcconfig */ = {isa = PBXFileReference; includeInIndex = 1; lastKnownFileType = text.xcconfig; name = "Pods-booklending.release.xcconfig"; path = "Pods/Target Support Files/Pods-booklending/Pods-booklending.release.xcconfig"; sourceTree = "<group>"; };
		BB5C21B068802BAD1A1EEF2E /* Pods_booklending.framework */ = {isa = PBXFileReference; explicitFileType = wrapper.framework; includeInIndex = 0; path = Pods_booklending.framework; sourceTree = BUILT_PRODUCTS_DIR; };
		C9A28935D0792F7BC6B81747 /* Pods_booklendingTests.framework */ = {isa = PBXFileReference; explicitFileType = wrapper.framework; includeInIndex = 0; path = Pods_booklendingTests.framework; sourceTree = BUILT_PRODUCTS_DIR; };
		D63550C01E51AA4100C0EE3D /* booklending.app */ = {isa = PBXFileReference; explicitFileType = wrapper.application; includeInIndex = 0; path = booklending.app; sourceTree = BUILT_PRODUCTS_DIR; };
		D63550C31E51AA4100C0EE3D /* AppDelegate.swift */ = {isa = PBXFileReference; lastKnownFileType = sourcecode.swift; path = AppDelegate.swift; sourceTree = "<group>"; };
		D63550C51E51AA4100C0EE3D /* ViewController.swift */ = {isa = PBXFileReference; lastKnownFileType = sourcecode.swift; path = ViewController.swift; sourceTree = "<group>"; };
		D63550C81E51AA4100C0EE3D /* Base */ = {isa = PBXFileReference; lastKnownFileType = file.storyboard; name = Base; path = Base.lproj/Main.storyboard; sourceTree = "<group>"; };
		D63550CA1E51AA4100C0EE3D /* Assets.xcassets */ = {isa = PBXFileReference; lastKnownFileType = folder.assetcatalog; path = Assets.xcassets; sourceTree = "<group>"; };
		D63550CD1E51AA4100C0EE3D /* Base */ = {isa = PBXFileReference; lastKnownFileType = file.storyboard; name = Base; path = Base.lproj/LaunchScreen.storyboard; sourceTree = "<group>"; };
		D63550CF1E51AA4100C0EE3D /* Info.plist */ = {isa = PBXFileReference; lastKnownFileType = text.plist.xml; path = Info.plist; sourceTree = "<group>"; };
		D63550D41E51AA4100C0EE3D /* booklendingTests.xctest */ = {isa = PBXFileReference; explicitFileType = wrapper.cfbundle; includeInIndex = 0; path = booklendingTests.xctest; sourceTree = BUILT_PRODUCTS_DIR; };
		D63550D81E51AA4100C0EE3D /* booklendingTests.swift */ = {isa = PBXFileReference; lastKnownFileType = sourcecode.swift; path = booklendingTests.swift; sourceTree = "<group>"; };
		D63550DA1E51AA4100C0EE3D /* Info.plist */ = {isa = PBXFileReference; lastKnownFileType = text.plist.xml; path = Info.plist; sourceTree = "<group>"; };
		D63550DF1E51AA4100C0EE3D /* booklendingUITests.xctest */ = {isa = PBXFileReference; explicitFileType = wrapper.cfbundle; includeInIndex = 0; path = booklendingUITests.xctest; sourceTree = BUILT_PRODUCTS_DIR; };
		D63550E31E51AA4100C0EE3D /* booklendingUITests.swift */ = {isa = PBXFileReference; lastKnownFileType = sourcecode.swift; path = booklendingUITests.swift; sourceTree = "<group>"; };
		D63550E51E51AA4100C0EE3D /* Info.plist */ = {isa = PBXFileReference; lastKnownFileType = text.plist.xml; path = Info.plist; sourceTree = "<group>"; };
		D63550F61E5314B900C0EE3D /* GoogleService-Info.plist */ = {isa = PBXFileReference; fileEncoding = 4; lastKnownFileType = text.plist.xml; path = "GoogleService-Info.plist"; sourceTree = "<group>"; };
		D63550F91E53156300C0EE3D /* booklending-Bridging-Header.h */ = {isa = PBXFileReference; lastKnownFileType = sourcecode.c.h; path = "booklending-Bridging-Header.h"; sourceTree = "<group>"; };
		D63550FE1E5315E400C0EE3D /* RootController.swift */ = {isa = PBXFileReference; fileEncoding = 4; lastKnownFileType = sourcecode.swift; path = RootController.swift; sourceTree = "<group>"; };
		E11F57B516565FAB79D6EA00 /* Pods-booklendingTests.release.xcconfig */ = {isa = PBXFileReference; includeInIndex = 1; lastKnownFileType = text.xcconfig; name = "Pods-booklendingTests.release.xcconfig"; path = "Pods/Target Support Files/Pods-booklendingTests/Pods-booklendingTests.release.xcconfig"; sourceTree = "<group>"; };
		ED7C7B36F71D97A72880F6B0 /* Pods-booklending.debug.xcconfig */ = {isa = PBXFileReference; includeInIndex = 1; lastKnownFileType = text.xcconfig; name = "Pods-booklending.debug.xcconfig"; path = "Pods/Target Support Files/Pods-booklending/Pods-booklending.debug.xcconfig"; sourceTree = "<group>"; };
		F97F972691296FBCBFE99BAA /* Pods-booklendingTests.debug.xcconfig */ = {isa = PBXFileReference; includeInIndex = 1; lastKnownFileType = text.xcconfig; name = "Pods-booklendingTests.debug.xcconfig"; path = "Pods/Target Support Files/Pods-booklendingTests/Pods-booklendingTests.debug.xcconfig"; sourceTree = "<group>"; };
		FA49431F670A5BDC9A0B7B9A /* Pods-booklendingUITests.debug.xcconfig */ = {isa = PBXFileReference; includeInIndex = 1; lastKnownFileType = text.xcconfig; name = "Pods-booklendingUITests.debug.xcconfig"; path = "Pods/Target Support Files/Pods-booklendingUITests/Pods-booklendingUITests.debug.xcconfig"; sourceTree = "<group>"; };
/* End PBXFileReference section */

/* Begin PBXFrameworksBuildPhase section */
		D63550BD1E51AA4100C0EE3D /* Frameworks */ = {
			isa = PBXFrameworksBuildPhase;
			buildActionMask = 2147483647;
			files = (
				AF8CEAE5B944A9271AF04146 /* Pods_booklending.framework in Frameworks */,
			);
			runOnlyForDeploymentPostprocessing = 0;
		};
		D63550D11E51AA4100C0EE3D /* Frameworks */ = {
			isa = PBXFrameworksBuildPhase;
			buildActionMask = 2147483647;
			files = (
				CF09D65A6BC3ED81E6DD4232 /* Pods_booklendingTests.framework in Frameworks */,
			);
			runOnlyForDeploymentPostprocessing = 0;
		};
		D63550DC1E51AA4100C0EE3D /* Frameworks */ = {
			isa = PBXFrameworksBuildPhase;
			buildActionMask = 2147483647;
			files = (
				A9AD6346137D092BA91494E3 /* Pods_booklendingUITests.framework in Frameworks */,
			);
			runOnlyForDeploymentPostprocessing = 0;
		};
/* End PBXFrameworksBuildPhase section */

/* Begin PBXGroup section */
		065AEDDDACE97140AB7E9396 /* Frameworks */ = {
			isa = PBXGroup;
			children = (
				BB5C21B068802BAD1A1EEF2E /* Pods_booklending.framework */,
				C9A28935D0792F7BC6B81747 /* Pods_booklendingTests.framework */,
				000D25E026285A2B8E1C9CA4 /* Pods_booklendingUITests.framework */,
			);
			name = Frameworks;
			sourceTree = "<group>";
		};
		2EE388663AC1463B736E4D47 /* Pods */ = {
			isa = PBXGroup;
			children = (
				ED7C7B36F71D97A72880F6B0 /* Pods-booklending.debug.xcconfig */,
				6B4FCD6F738D9D901649BA0F /* Pods-booklending.release.xcconfig */,
				F97F972691296FBCBFE99BAA /* Pods-booklendingTests.debug.xcconfig */,
				E11F57B516565FAB79D6EA00 /* Pods-booklendingTests.release.xcconfig */,
				FA49431F670A5BDC9A0B7B9A /* Pods-booklendingUITests.debug.xcconfig */,
				4900CC68FF7C707BF8671A35 /* Pods-booklendingUITests.release.xcconfig */,
			);
			name = Pods;
			sourceTree = "<group>";
		};
		D63550B71E51AA4100C0EE3D = {
			isa = PBXGroup;
			children = (
				D63550C21E51AA4100C0EE3D /* booklending */,
				D63550D71E51AA4100C0EE3D /* booklendingTests */,
				D63550E21E51AA4100C0EE3D /* booklendingUITests */,
				D63550C11E51AA4100C0EE3D /* Products */,
				2EE388663AC1463B736E4D47 /* Pods */,
				065AEDDDACE97140AB7E9396 /* Frameworks */,
			);
			sourceTree = "<group>";
		};
		D63550C11E51AA4100C0EE3D /* Products */ = {
			isa = PBXGroup;
			children = (
				D63550C01E51AA4100C0EE3D /* booklending.app */,
				D63550D41E51AA4100C0EE3D /* booklendingTests.xctest */,
				D63550DF1E51AA4100C0EE3D /* booklendingUITests.xctest */,
			);
			name = Products;
			sourceTree = "<group>";
		};
		D63550C21E51AA4100C0EE3D /* booklending */ = {
			isa = PBXGroup;
			children = (
				D63550FD1E5315B900C0EE3D /* ViewControllers */,
				D63550F61E5314B900C0EE3D /* GoogleService-Info.plist */,
				D63550C31E51AA4100C0EE3D /* AppDelegate.swift */,
				D63550C51E51AA4100C0EE3D /* ViewController.swift */,
				D63550C71E51AA4100C0EE3D /* Main.storyboard */,
				D63550CA1E51AA4100C0EE3D /* Assets.xcassets */,
				D63550CC1E51AA4100C0EE3D /* LaunchScreen.storyboard */,
				D63550CF1E51AA4100C0EE3D /* Info.plist */,
				D63550F91E53156300C0EE3D /* booklending-Bridging-Header.h */,
			);
			path = booklending;
			sourceTree = "<group>";
		};
		D63550D71E51AA4100C0EE3D /* booklendingTests */ = {
			isa = PBXGroup;
			children = (
				D63550D81E51AA4100C0EE3D /* booklendingTests.swift */,
				D63550DA1E51AA4100C0EE3D /* Info.plist */,
			);
			path = booklendingTests;
			sourceTree = "<group>";
		};
		D63550E21E51AA4100C0EE3D /* booklendingUITests */ = {
			isa = PBXGroup;
			children = (
				D63550E31E51AA4100C0EE3D /* booklendingUITests.swift */,
				D63550E51E51AA4100C0EE3D /* Info.plist */,
			);
			path = booklendingUITests;
			sourceTree = "<group>";
		};
		D63550FD1E5315B900C0EE3D /* ViewControllers */ = {
			isa = PBXGroup;
			children = (
				D63550FE1E5315E400C0EE3D /* RootController.swift */,
			);
			path = ViewControllers;
			sourceTree = "<group>";
		};
/* End PBXGroup section */

/* Begin PBXNativeTarget section */
		D63550BF1E51AA4100C0EE3D /* booklending */ = {
			isa = PBXNativeTarget;
			buildConfigurationList = D63550E81E51AA4100C0EE3D /* Build configuration list for PBXNativeTarget "booklending" */;
			buildPhases = (
				F4E178FB27841386AA40E276 /* [CP] Check Pods Manifest.lock */,
				D63550BC1E51AA4100C0EE3D /* Sources */,
				D63550BD1E51AA4100C0EE3D /* Frameworks */,
				D63550BE1E51AA4100C0EE3D /* Resources */,
				FB11D1C809F23B51C27D2B32 /* [CP] Embed Pods Frameworks */,
				2A870482F66241FED3D3FC2E /* [CP] Copy Pods Resources */,
			);
			buildRules = (
			);
			dependencies = (
			);
			name = booklending;
			productName = booklending;
			productReference = D63550C01E51AA4100C0EE3D /* booklending.app */;
			productType = "com.apple.product-type.application";
		};
		D63550D31E51AA4100C0EE3D /* booklendingTests */ = {
			isa = PBXNativeTarget;
			buildConfigurationList = D63550EB1E51AA4100C0EE3D /* Build configuration list for PBXNativeTarget "booklendingTests" */;
			buildPhases = (
				86B21F40C632373FDF8D742B /* [CP] Check Pods Manifest.lock */,
				D63550D01E51AA4100C0EE3D /* Sources */,
				D63550D11E51AA4100C0EE3D /* Frameworks */,
				D63550D21E51AA4100C0EE3D /* Resources */,
				B4DFD8133C01017D04F7097A /* [CP] Embed Pods Frameworks */,
				6F129F68E0F0C8AE5C405A4F /* [CP] Copy Pods Resources */,
			);
			buildRules = (
			);
			dependencies = (
				D63550D61E51AA4100C0EE3D /* PBXTargetDependency */,
			);
			name = booklendingTests;
			productName = booklendingTests;
			productReference = D63550D41E51AA4100C0EE3D /* booklendingTests.xctest */;
			productType = "com.apple.product-type.bundle.unit-test";
		};
		D63550DE1E51AA4100C0EE3D /* booklendingUITests */ = {
			isa = PBXNativeTarget;
			buildConfigurationList = D63550EE1E51AA4100C0EE3D /* Build configuration list for PBXNativeTarget "booklendingUITests" */;
			buildPhases = (
				EE12E02026D9A3933C8F9EDA /* [CP] Check Pods Manifest.lock */,
				D63550DB1E51AA4100C0EE3D /* Sources */,
				D63550DC1E51AA4100C0EE3D /* Frameworks */,
				D63550DD1E51AA4100C0EE3D /* Resources */,
				8BC1235F1E7AD1842FE7536D /* [CP] Embed Pods Frameworks */,
				542C6EF2FE8310E289D0BF35 /* [CP] Copy Pods Resources */,
			);
			buildRules = (
			);
			dependencies = (
				D63550E11E51AA4100C0EE3D /* PBXTargetDependency */,
			);
			name = booklendingUITests;
			productName = booklendingUITests;
			productReference = D63550DF1E51AA4100C0EE3D /* booklendingUITests.xctest */;
			productType = "com.apple.product-type.bundle.ui-testing";
		};
/* End PBXNativeTarget section */

/* Begin PBXProject section */
		D63550B81E51AA4100C0EE3D /* Project object */ = {
			isa = PBXProject;
			attributes = {
				LastSwiftUpdateCheck = 0820;
				LastUpgradeCheck = 0820;
				ORGANIZATIONNAME = "Cuong Doan";
				TargetAttributes = {
					D63550BF1E51AA4100C0EE3D = {
						CreatedOnToolsVersion = 8.2.1;
						LastSwiftMigration = 0820;
						ProvisioningStyle = Manual;
					};
					D63550D31E51AA4100C0EE3D = {
						CreatedOnToolsVersion = 8.2.1;
						DevelopmentTeam = Q47BC9T672;
						ProvisioningStyle = Automatic;
						TestTargetID = D63550BF1E51AA4100C0EE3D;
					};
					D63550DE1E51AA4100C0EE3D = {
						CreatedOnToolsVersion = 8.2.1;
						DevelopmentTeam = Q47BC9T672;
						ProvisioningStyle = Automatic;
						TestTargetID = D63550BF1E51AA4100C0EE3D;
					};
				};
			};
			buildConfigurationList = D63550BB1E51AA4100C0EE3D /* Build configuration list for PBXProject "booklending" */;
			compatibilityVersion = "Xcode 3.2";
			developmentRegion = English;
			hasScannedForEncodings = 0;
			knownRegions = (
				en,
				Base,
			);
			mainGroup = D63550B71E51AA4100C0EE3D;
			productRefGroup = D63550C11E51AA4100C0EE3D /* Products */;
			projectDirPath = "";
			projectRoot = "";
			targets = (
				D63550BF1E51AA4100C0EE3D /* booklending */,
				D63550D31E51AA4100C0EE3D /* booklendingTests */,
				D63550DE1E51AA4100C0EE3D /* booklendingUITests */,
			);
		};
/* End PBXProject section */

/* Begin PBXResourcesBuildPhase section */
		D63550BE1E51AA4100C0EE3D /* Resources */ = {
			isa = PBXResourcesBuildPhase;
			buildActionMask = 2147483647;
			files = (
				D63550CE1E51AA4100C0EE3D /* LaunchScreen.storyboard in Resources */,
				D63550F71E5314B900C0EE3D /* GoogleService-Info.plist in Resources */,
				D63550CB1E51AA4100C0EE3D /* Assets.xcassets in Resources */,
				D63550C91E51AA4100C0EE3D /* Main.storyboard in Resources */,
			);
			runOnlyForDeploymentPostprocessing = 0;
		};
		D63550D21E51AA4100C0EE3D /* Resources */ = {
			isa = PBXResourcesBuildPhase;
			buildActionMask = 2147483647;
			files = (
			);
			runOnlyForDeploymentPostprocessing = 0;
		};
		D63550DD1E51AA4100C0EE3D /* Resources */ = {
			isa = PBXResourcesBuildPhase;
			buildActionMask = 2147483647;
			files = (
			);
			runOnlyForDeploymentPostprocessing = 0;
		};
/* End PBXResourcesBuildPhase section */

/* Begin PBXShellScriptBuildPhase section */
		2A870482F66241FED3D3FC2E /* [CP] Copy Pods Resources */ = {
			isa = PBXShellScriptBuildPhase;
			buildActionMask = 2147483647;
			files = (
			);
			inputPaths = (
			);
			name = "[CP] Copy Pods Resources";
			outputPaths = (
			);
			runOnlyForDeploymentPostprocessing = 0;
			shellPath = /bin/sh;
			shellScript = "\"${SRCROOT}/Pods/Target Support Files/Pods-booklending/Pods-booklending-resources.sh\"\n";
			showEnvVarsInLog = 0;
		};
		542C6EF2FE8310E289D0BF35 /* [CP] Copy Pods Resources */ = {
			isa = PBXShellScriptBuildPhase;
			buildActionMask = 2147483647;
			files = (
			);
			inputPaths = (
			);
			name = "[CP] Copy Pods Resources";
			outputPaths = (
			);
			runOnlyForDeploymentPostprocessing = 0;
			shellPath = /bin/sh;
			shellScript = "\"${SRCROOT}/Pods/Target Support Files/Pods-booklendingUITests/Pods-booklendingUITests-resources.sh\"\n";
			showEnvVarsInLog = 0;
		};
		6F129F68E0F0C8AE5C405A4F /* [CP] Copy Pods Resources */ = {
			isa = PBXShellScriptBuildPhase;
			buildActionMask = 2147483647;
			files = (
			);
			inputPaths = (
			);
			name = "[CP] Copy Pods Resources";
			outputPaths = (
			);
			runOnlyForDeploymentPostprocessing = 0;
			shellPath = /bin/sh;
			shellScript = "\"${SRCROOT}/Pods/Target Support Files/Pods-booklendingTests/Pods-booklendingTests-resources.sh\"\n";
			showEnvVarsInLog = 0;
		};
		86B21F40C632373FDF8D742B /* [CP] Check Pods Manifest.lock */ = {
			isa = PBXShellScriptBuildPhase;
			buildActionMask = 2147483647;
			files = (
			);
			inputPaths = (
			);
			name = "[CP] Check Pods Manifest.lock";
			outputPaths = (
			);
			runOnlyForDeploymentPostprocessing = 0;
			shellPath = /bin/sh;
			shellScript = "diff \"${PODS_ROOT}/../Podfile.lock\" \"${PODS_ROOT}/Manifest.lock\" > /dev/null\nif [ $? != 0 ] ; then\n    # print error to STDERR\n    echo \"error: The sandbox is not in sync with the Podfile.lock. Run 'pod install' or update your CocoaPods installation.\" >&2\n    exit 1\nfi\n";
			showEnvVarsInLog = 0;
		};
		8BC1235F1E7AD1842FE7536D /* [CP] Embed Pods Frameworks */ = {
			isa = PBXShellScriptBuildPhase;
			buildActionMask = 2147483647;
			files = (
			);
			inputPaths = (
			);
			name = "[CP] Embed Pods Frameworks";
			outputPaths = (
			);
			runOnlyForDeploymentPostprocessing = 0;
			shellPath = /bin/sh;
			shellScript = "\"${SRCROOT}/Pods/Target Support Files/Pods-booklendingUITests/Pods-booklendingUITests-frameworks.sh\"\n";
			showEnvVarsInLog = 0;
		};
		B4DFD8133C01017D04F7097A /* [CP] Embed Pods Frameworks */ = {
			isa = PBXShellScriptBuildPhase;
			buildActionMask = 2147483647;
			files = (
			);
			inputPaths = (
			);
			name = "[CP] Embed Pods Frameworks";
			outputPaths = (
			);
			runOnlyForDeploymentPostprocessing = 0;
			shellPath = /bin/sh;
			shellScript = "\"${SRCROOT}/Pods/Target Support Files/Pods-booklendingTests/Pods-booklendingTests-frameworks.sh\"\n";
			showEnvVarsInLog = 0;
		};
		EE12E02026D9A3933C8F9EDA /* [CP] Check Pods Manifest.lock */ = {
			isa = PBXShellScriptBuildPhase;
			buildActionMask = 2147483647;
			files = (
			);
			inputPaths = (
			);
			name = "[CP] Check Pods Manifest.lock";
			outputPaths = (
			);
			runOnlyForDeploymentPostprocessing = 0;
			shellPath = /bin/sh;
			shellScript = "diff \"${PODS_ROOT}/../Podfile.lock\" \"${PODS_ROOT}/Manifest.lock\" > /dev/null\nif [ $? != 0 ] ; then\n    # print error to STDERR\n    echo \"error: The sandbox is not in sync with the Podfile.lock. Run 'pod install' or update your CocoaPods installation.\" >&2\n    exit 1\nfi\n";
			showEnvVarsInLog = 0;
		};
		F4E178FB27841386AA40E276 /* [CP] Check Pods Manifest.lock */ = {
			isa = PBXShellScriptBuildPhase;
			buildActionMask = 2147483647;
			files = (
			);
			inputPaths = (
			);
			name = "[CP] Check Pods Manifest.lock";
			outputPaths = (
			);
			runOnlyForDeploymentPostprocessing = 0;
			shellPath = /bin/sh;
			shellScript = "diff \"${PODS_ROOT}/../Podfile.lock\" \"${PODS_ROOT}/Manifest.lock\" > /dev/null\nif [ $? != 0 ] ; then\n    # print error to STDERR\n    echo \"error: The sandbox is not in sync with the Podfile.lock. Run 'pod install' or update your CocoaPods installation.\" >&2\n    exit 1\nfi\n";
			showEnvVarsInLog = 0;
		};
		FB11D1C809F23B51C27D2B32 /* [CP] Embed Pods Frameworks */ = {
			isa = PBXShellScriptBuildPhase;
			buildActionMask = 2147483647;
			files = (
			);
			inputPaths = (
			);
			name = "[CP] Embed Pods Frameworks";
			outputPaths = (
			);
			runOnlyForDeploymentPostprocessing = 0;
			shellPath = /bin/sh;
			shellScript = "\"${SRCROOT}/Pods/Target Support Files/Pods-booklending/Pods-booklending-frameworks.sh\"\n";
			showEnvVarsInLog = 0;
		};
/* End PBXShellScriptBuildPhase section */

/* Begin PBXSourcesBuildPhase section */
		D63550BC1E51AA4100C0EE3D /* Sources */ = {
			isa = PBXSourcesBuildPhase;
			buildActionMask = 2147483647;
			files = (
				D63550C61E51AA4100C0EE3D /* ViewController.swift in Sources */,
				D63550C41E51AA4100C0EE3D /* AppDelegate.swift in Sources */,
				D63550FF1E5315E400C0EE3D /* RootController.swift in Sources */,
			);
			runOnlyForDeploymentPostprocessing = 0;
		};
		D63550D01E51AA4100C0EE3D /* Sources */ = {
			isa = PBXSourcesBuildPhase;
			buildActionMask = 2147483647;
			files = (
				D63550D91E51AA4100C0EE3D /* booklendingTests.swift in Sources */,
			);
			runOnlyForDeploymentPostprocessing = 0;
		};
		D63550DB1E51AA4100C0EE3D /* Sources */ = {
			isa = PBXSourcesBuildPhase;
			buildActionMask = 2147483647;
			files = (
				D63550E41E51AA4100C0EE3D /* booklendingUITests.swift in Sources */,
			);
			runOnlyForDeploymentPostprocessing = 0;
		};
/* End PBXSourcesBuildPhase section */

/* Begin PBXTargetDependency section */
		D63550D61E51AA4100C0EE3D /* PBXTargetDependency */ = {
			isa = PBXTargetDependency;
			target = D63550BF1E51AA4100C0EE3D /* booklending */;
			targetProxy = D63550D51E51AA4100C0EE3D /* PBXContainerItemProxy */;
		};
		D63550E11E51AA4100C0EE3D /* PBXTargetDependency */ = {
			isa = PBXTargetDependency;
			target = D63550BF1E51AA4100C0EE3D /* booklending */;
			targetProxy = D63550E01E51AA4100C0EE3D /* PBXContainerItemProxy */;
		};
/* End PBXTargetDependency section */

/* Begin PBXVariantGroup section */
		D63550C71E51AA4100C0EE3D /* Main.storyboard */ = {
			isa = PBXVariantGroup;
			children = (
				D63550C81E51AA4100C0EE3D /* Base */,
			);
			name = Main.storyboard;
			sourceTree = "<group>";
		};
		D63550CC1E51AA4100C0EE3D /* LaunchScreen.storyboard */ = {
			isa = PBXVariantGroup;
			children = (
				D63550CD1E51AA4100C0EE3D /* Base */,
			);
			name = LaunchScreen.storyboard;
			sourceTree = "<group>";
		};
/* End PBXVariantGroup section */

/* Begin XCBuildConfiguration section */
		D63550E61E51AA4100C0EE3D /* Debug */ = {
			isa = XCBuildConfiguration;
			buildSettings = {
				ALWAYS_SEARCH_USER_PATHS = NO;
				CLANG_ANALYZER_NONNULL = YES;
				CLANG_CXX_LANGUAGE_STANDARD = "gnu++0x";
				CLANG_CXX_LIBRARY = "libc++";
				CLANG_ENABLE_MODULES = YES;
				CLANG_ENABLE_OBJC_ARC = YES;
				CLANG_WARN_BOOL_CONVERSION = YES;
				CLANG_WARN_CONSTANT_CONVERSION = YES;
				CLANG_WARN_DIRECT_OBJC_ISA_USAGE = YES_ERROR;
				CLANG_WARN_DOCUMENTATION_COMMENTS = YES;
				CLANG_WARN_EMPTY_BODY = YES;
				CLANG_WARN_ENUM_CONVERSION = YES;
				CLANG_WARN_INFINITE_RECURSION = YES;
				CLANG_WARN_INT_CONVERSION = YES;
				CLANG_WARN_OBJC_ROOT_CLASS = YES_ERROR;
				CLANG_WARN_SUSPICIOUS_MOVE = YES;
				CLANG_WARN_UNREACHABLE_CODE = YES;
				CLANG_WARN__DUPLICATE_METHOD_MATCH = YES;
				"CODE_SIGN_IDENTITY[sdk=iphoneos*]" = "iPhone Developer";
				COPY_PHASE_STRIP = NO;
				DEBUG_INFORMATION_FORMAT = dwarf;
				ENABLE_STRICT_OBJC_MSGSEND = YES;
				ENABLE_TESTABILITY = YES;
				GCC_C_LANGUAGE_STANDARD = gnu99;
				GCC_DYNAMIC_NO_PIC = NO;
				GCC_NO_COMMON_BLOCKS = YES;
				GCC_OPTIMIZATION_LEVEL = 0;
				GCC_PREPROCESSOR_DEFINITIONS = (
					"DEBUG=1",
					"$(inherited)",
				);
				GCC_WARN_64_TO_32_BIT_CONVERSION = YES;
				GCC_WARN_ABOUT_RETURN_TYPE = YES_ERROR;
				GCC_WARN_UNDECLARED_SELECTOR = YES;
				GCC_WARN_UNINITIALIZED_AUTOS = YES_AGGRESSIVE;
				GCC_WARN_UNUSED_FUNCTION = YES;
				GCC_WARN_UNUSED_VARIABLE = YES;
				IPHONEOS_DEPLOYMENT_TARGET = 10.2;
				MTL_ENABLE_DEBUG_INFO = YES;
				ONLY_ACTIVE_ARCH = YES;
				SDKROOT = iphoneos;
				SWIFT_ACTIVE_COMPILATION_CONDITIONS = DEBUG;
				SWIFT_OPTIMIZATION_LEVEL = "-Onone";
				TARGETED_DEVICE_FAMILY = "1,2";
			};
			name = Debug;
		};
		D63550E71E51AA4100C0EE3D /* Release */ = {
			isa = XCBuildConfiguration;
			buildSettings = {
				ALWAYS_SEARCH_USER_PATHS = NO;
				CLANG_ANALYZER_NONNULL = YES;
				CLANG_CXX_LANGUAGE_STANDARD = "gnu++0x";
				CLANG_CXX_LIBRARY = "libc++";
				CLANG_ENABLE_MODULES = YES;
				CLANG_ENABLE_OBJC_ARC = YES;
				CLANG_WARN_BOOL_CONVERSION = YES;
				CLANG_WARN_CONSTANT_CONVERSION = YES;
				CLANG_WARN_DIRECT_OBJC_ISA_USAGE = YES_ERROR;
				CLANG_WARN_DOCUMENTATION_COMMENTS = YES;
				CLANG_WARN_EMPTY_BODY = YES;
				CLANG_WARN_ENUM_CONVERSION = YES;
				CLANG_WARN_INFINITE_RECURSION = YES;
				CLANG_WARN_INT_CONVERSION = YES;
				CLANG_WARN_OBJC_ROOT_CLASS = YES_ERROR;
				CLANG_WARN_SUSPICIOUS_MOVE = YES;
				CLANG_WARN_UNREACHABLE_CODE = YES;
				CLANG_WARN__DUPLICATE_METHOD_MATCH = YES;
				"CODE_SIGN_IDENTITY[sdk=iphoneos*]" = "iPhone Developer";
				COPY_PHASE_STRIP = NO;
				DEBUG_INFORMATION_FORMAT = "dwarf-with-dsym";
				ENABLE_NS_ASSERTIONS = NO;
				ENABLE_STRICT_OBJC_MSGSEND = YES;
				GCC_C_LANGUAGE_STANDARD = gnu99;
				GCC_NO_COMMON_BLOCKS = YES;
				GCC_WARN_64_TO_32_BIT_CONVERSION = YES;
				GCC_WARN_ABOUT_RETURN_TYPE = YES_ERROR;
				GCC_WARN_UNDECLARED_SELECTOR = YES;
				GCC_WARN_UNINITIALIZED_AUTOS = YES_AGGRESSIVE;
				GCC_WARN_UNUSED_FUNCTION = YES;
				GCC_WARN_UNUSED_VARIABLE = YES;
				IPHONEOS_DEPLOYMENT_TARGET = 10.2;
				MTL_ENABLE_DEBUG_INFO = NO;
				SDKROOT = iphoneos;
				SWIFT_OPTIMIZATION_LEVEL = "-Owholemodule";
				TARGETED_DEVICE_FAMILY = "1,2";
				VALIDATE_PRODUCT = YES;
			};
			name = Release;
		};
		D63550E91E51AA4100C0EE3D /* Debug */ = {
			isa = XCBuildConfiguration;
			baseConfigurationReference = ED7C7B36F71D97A72880F6B0 /* Pods-booklending.debug.xcconfig */;
			buildSettings = {
				ASSETCATALOG_COMPILER_APPICON_NAME = AppIcon;
				CLANG_ENABLE_MODULES = YES;
				DEVELOPMENT_TEAM = "";
				INFOPLIST_FILE = booklending/Info.plist;
				LD_RUNPATH_SEARCH_PATHS = "$(inherited) @executable_path/Frameworks";
				PRODUCT_BUNDLE_IDENTIFIER = vn.siliconstraits.booklending;
				PRODUCT_NAME = "$(TARGET_NAME)";
				SWIFT_OBJC_BRIDGING_HEADER = "booklending/booklending-Bridging-Header.h";
				SWIFT_OPTIMIZATION_LEVEL = "-Onone";
				SWIFT_VERSION = 3.0;
			};
			name = Debug;
		};
		D63550EA1E51AA4100C0EE3D /* Release */ = {
			isa = XCBuildConfiguration;
			baseConfigurationReference = 6B4FCD6F738D9D901649BA0F /* Pods-booklending.release.xcconfig */;
			buildSettings = {
				ASSETCATALOG_COMPILER_APPICON_NAME = AppIcon;
				CLANG_ENABLE_MODULES = YES;
				DEVELOPMENT_TEAM = "";
				INFOPLIST_FILE = booklending/Info.plist;
				LD_RUNPATH_SEARCH_PATHS = "$(inherited) @executable_path/Frameworks";
				PRODUCT_BUNDLE_IDENTIFIER = vn.siliconstraits.booklending;
				PRODUCT_NAME = "$(TARGET_NAME)";
				SWIFT_OBJC_BRIDGING_HEADER = "booklending/booklending-Bridging-Header.h";
				SWIFT_VERSION = 3.0;
			};
			name = Release;
		};
		D63550EC1E51AA4100C0EE3D /* Debug */ = {
			isa = XCBuildConfiguration;
			baseConfigurationReference = F97F972691296FBCBFE99BAA /* Pods-booklendingTests.debug.xcconfig */;
			buildSettings = {
				ALWAYS_EMBED_SWIFT_STANDARD_LIBRARIES = YES;
				BUNDLE_LOADER = "$(TEST_HOST)";
				DEVELOPMENT_TEAM = Q47BC9T672;
				INFOPLIST_FILE = booklendingTests/Info.plist;
				LD_RUNPATH_SEARCH_PATHS = "$(inherited) @executable_path/Frameworks @loader_path/Frameworks";
				PRODUCT_BUNDLE_IDENTIFIER = vn.siliconstraits.booklendingTests;
				PRODUCT_NAME = "$(TARGET_NAME)";
				SWIFT_VERSION = 3.0;
				TEST_HOST = "$(BUILT_PRODUCTS_DIR)/booklending.app/booklending";
			};
			name = Debug;
		};
		D63550ED1E51AA4100C0EE3D /* Release */ = {
			isa = XCBuildConfiguration;
			baseConfigurationReference = E11F57B516565FAB79D6EA00 /* Pods-booklendingTests.release.xcconfig */;
			buildSettings = {
				ALWAYS_EMBED_SWIFT_STANDARD_LIBRARIES = YES;
				BUNDLE_LOADER = "$(TEST_HOST)";
				DEVELOPMENT_TEAM = Q47BC9T672;
				INFOPLIST_FILE = booklendingTests/Info.plist;
				LD_RUNPATH_SEARCH_PATHS = "$(inherited) @executable_path/Frameworks @loader_path/Frameworks";
				PRODUCT_BUNDLE_IDENTIFIER = vn.siliconstraits.booklendingTests;
				PRODUCT_NAME = "$(TARGET_NAME)";
				SWIFT_VERSION = 3.0;
				TEST_HOST = "$(BUILT_PRODUCTS_DIR)/booklending.app/booklending";
			};
			name = Release;
		};
		D63550EF1E51AA4100C0EE3D /* Debug */ = {
			isa = XCBuildConfiguration;
			baseConfigurationReference = FA49431F670A5BDC9A0B7B9A /* Pods-booklendingUITests.debug.xcconfig */;
			buildSettings = {
				ALWAYS_EMBED_SWIFT_STANDARD_LIBRARIES = YES;
				DEVELOPMENT_TEAM = Q47BC9T672;
				INFOPLIST_FILE = booklendingUITests/Info.plist;
				LD_RUNPATH_SEARCH_PATHS = "$(inherited) @executable_path/Frameworks @loader_path/Frameworks";
				PRODUCT_BUNDLE_IDENTIFIER = vn.siliconstraits.booklendingUITests;
				PRODUCT_NAME = "$(TARGET_NAME)";
				SWIFT_VERSION = 3.0;
				TEST_TARGET_NAME = booklending;
			};
			name = Debug;
		};
		D63550F01E51AA4100C0EE3D /* Release */ = {
			isa = XCBuildConfiguration;
			baseConfigurationReference = 4900CC68FF7C707BF8671A35 /* Pods-booklendingUITests.release.xcconfig */;
			buildSettings = {
				ALWAYS_EMBED_SWIFT_STANDARD_LIBRARIES = YES;
				DEVELOPMENT_TEAM = Q47BC9T672;
				INFOPLIST_FILE = booklendingUITests/Info.plist;
				LD_RUNPATH_SEARCH_PATHS = "$(inherited) @executable_path/Frameworks @loader_path/Frameworks";
				PRODUCT_BUNDLE_IDENTIFIER = vn.siliconstraits.booklendingUITests;
				PRODUCT_NAME = "$(TARGET_NAME)";
				SWIFT_VERSION = 3.0;
				TEST_TARGET_NAME = booklending;
			};
			name = Release;
		};
/* End XCBuildConfiguration section */

/* Begin XCConfigurationList section */
		D63550BB1E51AA4100C0EE3D /* Build configuration list for PBXProject "booklending" */ = {
			isa = XCConfigurationList;
			buildConfigurations = (
				D63550E61E51AA4100C0EE3D /* Debug */,
				D63550E71E51AA4100C0EE3D /* Release */,
			);
			defaultConfigurationIsVisible = 0;
			defaultConfigurationName = Release;
		};
		D63550E81E51AA4100C0EE3D /* Build configuration list for PBXNativeTarget "booklending" */ = {
			isa = XCConfigurationList;
			buildConfigurations = (
				D63550E91E51AA4100C0EE3D /* Debug */,
				D63550EA1E51AA4100C0EE3D /* Release */,
			);
			defaultConfigurationIsVisible = 0;
			defaultConfigurationName = Release;
		};
		D63550EB1E51AA4100C0EE3D /* Build configuration list for PBXNativeTarget "booklendingTests" */ = {
			isa = XCConfigurationList;
			buildConfigurations = (
				D63550EC1E51AA4100C0EE3D /* Debug */,
				D63550ED1E51AA4100C0EE3D /* Release */,
			);
			defaultConfigurationIsVisible = 0;
			defaultConfigurationName = Release;
		};
		D63550EE1E51AA4100C0EE3D /* Build configuration list for PBXNativeTarget "booklendingUITests" */ = {
			isa = XCConfigurationList;
			buildConfigurations = (
				D63550EF1E51AA4100C0EE3D /* Debug */,
				D63550F01E51AA4100C0EE3D /* Release */,
			);
			defaultConfigurationIsVisible = 0;
			defaultConfigurationName = Release;
		};
/* End XCConfigurationList section */
	};
	rootObject = D63550B81E51AA4100C0EE3D /* Project object */;
}
