// !$*UTF8*$!
{
	archiveVersion = 1;
	classes = {
	};
	objectVersion = 46;
	objects = {

/* Begin PBXBuildFile section */
		A9AD6346137D092BA91494E3 /* Pods_booklendingUITests.framework in Frameworks */ = {isa = PBXBuildFile; fileRef = 000D25E026285A2B8E1C9CA4 /* Pods_booklendingUITests.framework */; };
		AF8CEAE5B944A9271AF04146 /* Pods_booklending.framework in Frameworks */ = {isa = PBXBuildFile; fileRef = BB5C21B068802BAD1A1EEF2E /* Pods_booklending.framework */; };
		CF09D65A6BC3ED81E6DD4232 /* Pods_booklendingTests.framework in Frameworks */ = {isa = PBXBuildFile; fileRef = C9A28935D0792F7BC6B81747 /* Pods_booklendingTests.framework */; };
		D62D4DAE1E544B80004D0486 /* AuthenticationService.swift in Sources */ = {isa = PBXBuildFile; fileRef = D62D4DAD1E544B80004D0486 /* AuthenticationService.swift */; };
		D62D4DB11E544C05004D0486 /* User.swift in Sources */ = {isa = PBXBuildFile; fileRef = D62D4DB01E544C05004D0486 /* User.swift */; };
		D62D4DB41E544D50004D0486 /* SignIn.swift in Sources */ = {isa = PBXBuildFile; fileRef = D62D4DB31E544D50004D0486 /* SignIn.swift */; };
		D62D4DB61E544E39004D0486 /* GoogleAuthenticationService.swift in Sources */ = {isa = PBXBuildFile; fileRef = D62D4DB51E544E39004D0486 /* GoogleAuthenticationService.swift */; };
		D62D4DB81E545AAC004D0486 /* UserManagerProtocol.swift in Sources */ = {isa = PBXBuildFile; fileRef = D62D4DB71E545AAC004D0486 /* UserManagerProtocol.swift */; };
		D62D4DBC1E55648E004D0486 /* AuthenticationInteractorProtocol.swift in Sources */ = {isa = PBXBuildFile; fileRef = D62D4DBB1E55648E004D0486 /* AuthenticationInteractorProtocol.swift */; };
		D62D4DC01E5564F3004D0486 /* AuthenticationOutput.swift in Sources */ = {isa = PBXBuildFile; fileRef = D62D4DBF1E5564F2004D0486 /* AuthenticationOutput.swift */; };
		D62D4DC21E556644004D0486 /* AuthenticationInteractor.swift in Sources */ = {isa = PBXBuildFile; fileRef = D62D4DC11E556644004D0486 /* AuthenticationInteractor.swift */; };
		D62D4DCA1E556C8D004D0486 /* GoogleSignInProviderProtocol.swift in Sources */ = {isa = PBXBuildFile; fileRef = D62D4DC91E556C8D004D0486 /* GoogleSignInProviderProtocol.swift */; };
		D62D4DCC1E556CC7004D0486 /* GoogleSignInProvider.swift in Sources */ = {isa = PBXBuildFile; fileRef = D62D4DCB1E556CC7004D0486 /* GoogleSignInProvider.swift */; };
		D62D4DD11E556EE9004D0486 /* GoogleAuthenticationServiceSpecs.swift in Sources */ = {isa = PBXBuildFile; fileRef = D62D4DD01E556EE9004D0486 /* GoogleAuthenticationServiceSpecs.swift */; };
		D62D4DD31E556FE3004D0486 /* GGLSignIn.framework in Frameworks */ = {isa = PBXBuildFile; fileRef = D62D4DD21E556FE3004D0486 /* GGLSignIn.framework */; };
		D63550C41E51AA4100C0EE3D /* AppDelegate.swift in Sources */ = {isa = PBXBuildFile; fileRef = D63550C31E51AA4100C0EE3D /* AppDelegate.swift */; };
		D63550CB1E51AA4100C0EE3D /* Assets.xcassets in Resources */ = {isa = PBXBuildFile; fileRef = D63550CA1E51AA4100C0EE3D /* Assets.xcassets */; };
		D63550CE1E51AA4100C0EE3D /* LaunchScreen.storyboard in Resources */ = {isa = PBXBuildFile; fileRef = D63550CC1E51AA4100C0EE3D /* LaunchScreen.storyboard */; };
		D63550F71E5314B900C0EE3D /* GoogleService-Info.plist in Resources */ = {isa = PBXBuildFile; fileRef = D63550F61E5314B900C0EE3D /* GoogleService-Info.plist */; };
		D63550FF1E5315E400C0EE3D /* RootController.swift in Sources */ = {isa = PBXBuildFile; fileRef = D63550FE1E5315E400C0EE3D /* RootController.swift */; };
		D63551021E53FF0800C0EE3D /* Application.swift in Sources */ = {isa = PBXBuildFile; fileRef = D63551011E53FF0800C0EE3D /* Application.swift */; };
		D63551041E53FF6D00C0EE3D /* UserManager.swift in Sources */ = {isa = PBXBuildFile; fileRef = D63551031E53FF6D00C0EE3D /* UserManager.swift */; };
		D6C5EB561E55FA6E00583B90 /* UserRepositoryProtocol.swift in Sources */ = {isa = PBXBuildFile; fileRef = D6C5EB551E55FA6E00583B90 /* UserRepositoryProtocol.swift */; };
		D6C5EB581E55FA9800583B90 /* UserRepository.swift in Sources */ = {isa = PBXBuildFile; fileRef = D6C5EB571E55FA9800583B90 /* UserRepository.swift */; };
		D6C5EB5B1E55FBCE00583B90 /* UserRepositorySpecs.swift in Sources */ = {isa = PBXBuildFile; fileRef = D6C5EB5A1E55FBCE00583B90 /* UserRepositorySpecs.swift */; };
		D6C5EB5F1E56008B00583B90 /* UserDefaults+CustomObject.swift in Sources */ = {isa = PBXBuildFile; fileRef = D6C5EB5E1E56008B00583B90 /* UserDefaults+CustomObject.swift */; };
		D6C5EB621E56038400583B90 /* UserDefaults+CustomObjectSpecs.swift in Sources */ = {isa = PBXBuildFile; fileRef = D6C5EB611E56038400583B90 /* UserDefaults+CustomObjectSpecs.swift */; };
		D6C5EB651E560C4800583B90 /* MockUserRepository.swift in Sources */ = {isa = PBXBuildFile; fileRef = D6C5EB641E560C4800583B90 /* MockUserRepository.swift */; };
		D6C5EB681E560EDD00583B90 /* AuthenticationViewController.swift in Sources */ = {isa = PBXBuildFile; fileRef = D6C5EB661E560EDD00583B90 /* AuthenticationViewController.swift */; };
		D6C5EB691E560EDD00583B90 /* AuthenticationViewController.xib in Resources */ = {isa = PBXBuildFile; fileRef = D6C5EB671E560EDD00583B90 /* AuthenticationViewController.xib */; };
		D6C5EB6D1E561C5800583B90 /* BooksListViewController.swift in Sources */ = {isa = PBXBuildFile; fileRef = D6C5EB6B1E561C5800583B90 /* BooksListViewController.swift */; };
		D6C5EB6E1E561C5800583B90 /* BooksListViewController.xib in Resources */ = {isa = PBXBuildFile; fileRef = D6C5EB6C1E561C5800583B90 /* BooksListViewController.xib */; };
		D6C5EB701E56A1BC00583B90 /* Email.swift in Sources */ = {isa = PBXBuildFile; fileRef = D6C5EB6F1E56A1BC00583B90 /* Email.swift */; };
		D6C5EB731E56A37800583B90 /* EmailSpecs.swift in Sources */ = {isa = PBXBuildFile; fileRef = D6C5EB721E56A37800583B90 /* EmailSpecs.swift */; };
		D6C5EB761E56D8BF00583B90 /* testExample.swift in Sources */ = {isa = PBXBuildFile; fileRef = D6C5EB751E56D8BF00583B90 /* testExample.swift */; };
		D6F069A21E559C73002EB412 /* MockGIDGoogleUser.swift in Sources */ = {isa = PBXBuildFile; fileRef = D6F069A11E559C73002EB412 /* MockGIDGoogleUser.swift */; };
		D6F069A41E559C91002EB412 /* MockGIDProfileData.swift in Sources */ = {isa = PBXBuildFile; fileRef = D6F069A31E559C91002EB412 /* MockGIDProfileData.swift */; };
		D6F069A81E559D2B002EB412 /* MockGoogleSignInProvider.swift in Sources */ = {isa = PBXBuildFile; fileRef = D6F069A71E559D2B002EB412 /* MockGoogleSignInProvider.swift */; };
		D6F069AB1E55A3BF002EB412 /* AuthenticationInteractorSpecs.swift in Sources */ = {isa = PBXBuildFile; fileRef = D6F069AA1E55A3BF002EB412 /* AuthenticationInteractorSpecs.swift */; };
		D6F069AF1E55AD2A002EB412 /* AuthenticationViewProtocol.swift in Sources */ = {isa = PBXBuildFile; fileRef = D6F069AE1E55AD2A002EB412 /* AuthenticationViewProtocol.swift */; };
		D6F069B11E55AD70002EB412 /* AuthenticationPresenterProtocol.swift in Sources */ = {isa = PBXBuildFile; fileRef = D6F069B01E55AD70002EB412 /* AuthenticationPresenterProtocol.swift */; };
		D6F069B31E55ADDC002EB412 /* AuthenticationPresenter.swift in Sources */ = {isa = PBXBuildFile; fileRef = D6F069B21E55ADDC002EB412 /* AuthenticationPresenter.swift */; };
		D6F069B61E55B22A002EB412 /* AuthenticationPresenterSpecs.swift in Sources */ = {isa = PBXBuildFile; fileRef = D6F069B51E55B22A002EB412 /* AuthenticationPresenterSpecs.swift */; };
		D6F069B91E55B2AC002EB412 /* MockAuthenticationInteractor.swift in Sources */ = {isa = PBXBuildFile; fileRef = D6F069B81E55B2AC002EB412 /* MockAuthenticationInteractor.swift */; };
		D6F069BE1E55BB16002EB412 /* MockGoogleAuthenticationService.swift in Sources */ = {isa = PBXBuildFile; fileRef = D6F069BD1E55BB16002EB412 /* MockGoogleAuthenticationService.swift */; };
/* End PBXBuildFile section */

/* Begin PBXContainerItemProxy section */
		D63550D51E51AA4100C0EE3D /* PBXContainerItemProxy */ = {
			isa = PBXContainerItemProxy;
			containerPortal = D63550B81E51AA4100C0EE3D /* Project object */;
			proxyType = 1;
			remoteGlobalIDString = D63550BF1E51AA4100C0EE3D;
			remoteInfo = booklending;
		};
		D63550E01E51AA4100C0EE3D /* PBXContainerItemProxy */ = {
			isa = PBXContainerItemProxy;
			containerPortal = D63550B81E51AA4100C0EE3D /* Project object */;
			proxyType = 1;
			remoteGlobalIDString = D63550BF1E51AA4100C0EE3D;
			remoteInfo = booklending;
		};
/* End PBXContainerItemProxy section */

/* Begin PBXFileReference section */
		000D25E026285A2B8E1C9CA4 /* Pods_booklendingUITests.framework */ = {isa = PBXFileReference; explicitFileType = wrapper.framework; includeInIndex = 0; path = Pods_booklendingUITests.framework; sourceTree = BUILT_PRODUCTS_DIR; };
		4900CC68FF7C707BF8671A35 /* Pods-booklendingUITests.release.xcconfig */ = {isa = PBXFileReference; includeInIndex = 1; lastKnownFileType = text.xcconfig; name = "Pods-booklendingUITests.release.xcconfig"; path = "Pods/Target Support Files/Pods-booklendingUITests/Pods-booklendingUITests.release.xcconfig"; sourceTree = "<group>"; };
		6B4FCD6F738D9D901649BA0F /* Pods-booklending.release.xcconfig */ = {isa = PBXFileReference; includeInIndex = 1; lastKnownFileType = text.xcconfig; name = "Pods-booklending.release.xcconfig"; path = "Pods/Target Support Files/Pods-booklending/Pods-booklending.release.xcconfig"; sourceTree = "<group>"; };
		BB5C21B068802BAD1A1EEF2E /* Pods_booklending.framework */ = {isa = PBXFileReference; explicitFileType = wrapper.framework; includeInIndex = 0; path = Pods_booklending.framework; sourceTree = BUILT_PRODUCTS_DIR; };
		C9A28935D0792F7BC6B81747 /* Pods_booklendingTests.framework */ = {isa = PBXFileReference; explicitFileType = wrapper.framework; includeInIndex = 0; path = Pods_booklendingTests.framework; sourceTree = BUILT_PRODUCTS_DIR; };
		D62D4DAD1E544B80004D0486 /* AuthenticationService.swift */ = {isa = PBXFileReference; fileEncoding = 4; lastKnownFileType = sourcecode.swift; path = AuthenticationService.swift; sourceTree = "<group>"; };
		D62D4DB01E544C05004D0486 /* User.swift */ = {isa = PBXFileReference; fileEncoding = 4; lastKnownFileType = sourcecode.swift; path = User.swift; sourceTree = "<group>"; };
		D62D4DB31E544D50004D0486 /* SignIn.swift */ = {isa = PBXFileReference; fileEncoding = 4; lastKnownFileType = sourcecode.swift; path = SignIn.swift; sourceTree = "<group>"; };
		D62D4DB51E544E39004D0486 /* GoogleAuthenticationService.swift */ = {isa = PBXFileReference; fileEncoding = 4; lastKnownFileType = sourcecode.swift; path = GoogleAuthenticationService.swift; sourceTree = "<group>"; };
		D62D4DB71E545AAC004D0486 /* UserManagerProtocol.swift */ = {isa = PBXFileReference; fileEncoding = 4; lastKnownFileType = sourcecode.swift; path = UserManagerProtocol.swift; sourceTree = "<group>"; };
		D62D4DBB1E55648E004D0486 /* AuthenticationInteractorProtocol.swift */ = {isa = PBXFileReference; fileEncoding = 4; lastKnownFileType = sourcecode.swift; path = AuthenticationInteractorProtocol.swift; sourceTree = "<group>"; };
		D62D4DBF1E5564F2004D0486 /* AuthenticationOutput.swift */ = {isa = PBXFileReference; fileEncoding = 4; lastKnownFileType = sourcecode.swift; path = AuthenticationOutput.swift; sourceTree = "<group>"; };
		D62D4DC11E556644004D0486 /* AuthenticationInteractor.swift */ = {isa = PBXFileReference; fileEncoding = 4; lastKnownFileType = sourcecode.swift; path = AuthenticationInteractor.swift; sourceTree = "<group>"; };
		D62D4DC91E556C8D004D0486 /* GoogleSignInProviderProtocol.swift */ = {isa = PBXFileReference; fileEncoding = 4; lastKnownFileType = sourcecode.swift; path = GoogleSignInProviderProtocol.swift; sourceTree = "<group>"; };
		D62D4DCB1E556CC7004D0486 /* GoogleSignInProvider.swift */ = {isa = PBXFileReference; fileEncoding = 4; lastKnownFileType = sourcecode.swift; path = GoogleSignInProvider.swift; sourceTree = "<group>"; };
		D62D4DCF1E556EE8004D0486 /* booklendingTests-Bridging-Header.h */ = {isa = PBXFileReference; lastKnownFileType = sourcecode.c.h; path = "booklendingTests-Bridging-Header.h"; sourceTree = "<group>"; };
		D62D4DD01E556EE9004D0486 /* GoogleAuthenticationServiceSpecs.swift */ = {isa = PBXFileReference; fileEncoding = 4; lastKnownFileType = sourcecode.swift; path = GoogleAuthenticationServiceSpecs.swift; sourceTree = "<group>"; };
		D62D4DD21E556FE3004D0486 /* GGLSignIn.framework */ = {isa = PBXFileReference; lastKnownFileType = wrapper.framework; name = GGLSignIn.framework; path = Pods/Google/Frameworks/GGLSignIn.framework; sourceTree = "<group>"; };
		D63550C01E51AA4100C0EE3D /* booklending.app */ = {isa = PBXFileReference; explicitFileType = wrapper.application; includeInIndex = 0; path = booklending.app; sourceTree = BUILT_PRODUCTS_DIR; };
		D63550C31E51AA4100C0EE3D /* AppDelegate.swift */ = {isa = PBXFileReference; lastKnownFileType = sourcecode.swift; path = AppDelegate.swift; sourceTree = "<group>"; };
		D63550CA1E51AA4100C0EE3D /* Assets.xcassets */ = {isa = PBXFileReference; lastKnownFileType = folder.assetcatalog; path = Assets.xcassets; sourceTree = "<group>"; };
		D63550CD1E51AA4100C0EE3D /* Base */ = {isa = PBXFileReference; lastKnownFileType = file.storyboard; name = Base; path = Base.lproj/LaunchScreen.storyboard; sourceTree = "<group>"; };
		D63550CF1E51AA4100C0EE3D /* Info.plist */ = {isa = PBXFileReference; lastKnownFileType = text.plist.xml; path = Info.plist; sourceTree = "<group>"; };
		D63550D41E51AA4100C0EE3D /* booklendingTests.xctest */ = {isa = PBXFileReference; explicitFileType = wrapper.cfbundle; includeInIndex = 0; path = booklendingTests.xctest; sourceTree = BUILT_PRODUCTS_DIR; };
		D63550DA1E51AA4100C0EE3D /* Info.plist */ = {isa = PBXFileReference; lastKnownFileType = text.plist.xml; path = Info.plist; sourceTree = "<group>"; };
		D63550DF1E51AA4100C0EE3D /* booklendingUITests.xctest */ = {isa = PBXFileReference; explicitFileType = wrapper.cfbundle; includeInIndex = 0; path = booklendingUITests.xctest; sourceTree = BUILT_PRODUCTS_DIR; };
		D63550E51E51AA4100C0EE3D /* Info.plist */ = {isa = PBXFileReference; lastKnownFileType = text.plist.xml; path = Info.plist; sourceTree = "<group>"; };
		D63550F61E5314B900C0EE3D /* GoogleService-Info.plist */ = {isa = PBXFileReference; fileEncoding = 4; lastKnownFileType = text.plist.xml; path = "GoogleService-Info.plist"; sourceTree = "<group>"; };
		D63550F91E53156300C0EE3D /* booklending-Bridging-Header.h */ = {isa = PBXFileReference; lastKnownFileType = sourcecode.c.h; path = "booklending-Bridging-Header.h"; sourceTree = "<group>"; };
		D63550FE1E5315E400C0EE3D /* RootController.swift */ = {isa = PBXFileReference; fileEncoding = 4; lastKnownFileType = sourcecode.swift; path = RootController.swift; sourceTree = "<group>"; };
		D63551011E53FF0800C0EE3D /* Application.swift */ = {isa = PBXFileReference; fileEncoding = 4; lastKnownFileType = sourcecode.swift; path = Application.swift; sourceTree = "<group>"; };
		D63551031E53FF6D00C0EE3D /* UserManager.swift */ = {isa = PBXFileReference; fileEncoding = 4; lastKnownFileType = sourcecode.swift; path = UserManager.swift; sourceTree = "<group>"; };
		D6C5EB551E55FA6E00583B90 /* UserRepositoryProtocol.swift */ = {isa = PBXFileReference; fileEncoding = 4; lastKnownFileType = sourcecode.swift; path = UserRepositoryProtocol.swift; sourceTree = "<group>"; };
		D6C5EB571E55FA9800583B90 /* UserRepository.swift */ = {isa = PBXFileReference; fileEncoding = 4; lastKnownFileType = sourcecode.swift; path = UserRepository.swift; sourceTree = "<group>"; };
		D6C5EB5A1E55FBCE00583B90 /* UserRepositorySpecs.swift */ = {isa = PBXFileReference; fileEncoding = 4; lastKnownFileType = sourcecode.swift; path = UserRepositorySpecs.swift; sourceTree = "<group>"; };
		D6C5EB5E1E56008B00583B90 /* UserDefaults+CustomObject.swift */ = {isa = PBXFileReference; fileEncoding = 4; lastKnownFileType = sourcecode.swift; path = "UserDefaults+CustomObject.swift"; sourceTree = "<group>"; };
		D6C5EB611E56038400583B90 /* UserDefaults+CustomObjectSpecs.swift */ = {isa = PBXFileReference; fileEncoding = 4; lastKnownFileType = sourcecode.swift; path = "UserDefaults+CustomObjectSpecs.swift"; sourceTree = "<group>"; };
		D6C5EB641E560C4800583B90 /* MockUserRepository.swift */ = {isa = PBXFileReference; fileEncoding = 4; lastKnownFileType = sourcecode.swift; path = MockUserRepository.swift; sourceTree = "<group>"; };
		D6C5EB661E560EDD00583B90 /* AuthenticationViewController.swift */ = {isa = PBXFileReference; fileEncoding = 4; lastKnownFileType = sourcecode.swift; path = AuthenticationViewController.swift; sourceTree = "<group>"; };
		D6C5EB671E560EDD00583B90 /* AuthenticationViewController.xib */ = {isa = PBXFileReference; fileEncoding = 4; lastKnownFileType = file.xib; path = AuthenticationViewController.xib; sourceTree = "<group>"; };
		D6C5EB6B1E561C5800583B90 /* BooksListViewController.swift */ = {isa = PBXFileReference; fileEncoding = 4; lastKnownFileType = sourcecode.swift; path = BooksListViewController.swift; sourceTree = "<group>"; };
		D6C5EB6C1E561C5800583B90 /* BooksListViewController.xib */ = {isa = PBXFileReference; fileEncoding = 4; lastKnownFileType = file.xib; path = BooksListViewController.xib; sourceTree = "<group>"; };
		D6C5EB6F1E56A1BC00583B90 /* Email.swift */ = {isa = PBXFileReference; fileEncoding = 4; lastKnownFileType = sourcecode.swift; path = Email.swift; sourceTree = "<group>"; };
		D6C5EB721E56A37800583B90 /* EmailSpecs.swift */ = {isa = PBXFileReference; fileEncoding = 4; lastKnownFileType = sourcecode.swift; path = EmailSpecs.swift; sourceTree = "<group>"; };
		D6C5EB741E56D8BF00583B90 /* booklendingUITests-Bridging-Header.h */ = {isa = PBXFileReference; lastKnownFileType = sourcecode.c.h; path = "booklendingUITests-Bridging-Header.h"; sourceTree = "<group>"; };
		D6C5EB751E56D8BF00583B90 /* testExample.swift */ = {isa = PBXFileReference; fileEncoding = 4; lastKnownFileType = sourcecode.swift; path = testExample.swift; sourceTree = "<group>"; };
		D6F069A11E559C73002EB412 /* MockGIDGoogleUser.swift */ = {isa = PBXFileReference; fileEncoding = 4; lastKnownFileType = sourcecode.swift; path = MockGIDGoogleUser.swift; sourceTree = "<group>"; };
		D6F069A31E559C91002EB412 /* MockGIDProfileData.swift */ = {isa = PBXFileReference; fileEncoding = 4; lastKnownFileType = sourcecode.swift; path = MockGIDProfileData.swift; sourceTree = "<group>"; };
		D6F069A71E559D2B002EB412 /* MockGoogleSignInProvider.swift */ = {isa = PBXFileReference; fileEncoding = 4; lastKnownFileType = sourcecode.swift; path = MockGoogleSignInProvider.swift; sourceTree = "<group>"; };
		D6F069AA1E55A3BF002EB412 /* AuthenticationInteractorSpecs.swift */ = {isa = PBXFileReference; fileEncoding = 4; lastKnownFileType = sourcecode.swift; path = AuthenticationInteractorSpecs.swift; sourceTree = "<group>"; };
		D6F069AE1E55AD2A002EB412 /* AuthenticationViewProtocol.swift */ = {isa = PBXFileReference; fileEncoding = 4; lastKnownFileType = sourcecode.swift; path = AuthenticationViewProtocol.swift; sourceTree = "<group>"; };
		D6F069B01E55AD70002EB412 /* AuthenticationPresenterProtocol.swift */ = {isa = PBXFileReference; fileEncoding = 4; lastKnownFileType = sourcecode.swift; path = AuthenticationPresenterProtocol.swift; sourceTree = "<group>"; };
		D6F069B21E55ADDC002EB412 /* AuthenticationPresenter.swift */ = {isa = PBXFileReference; fileEncoding = 4; lastKnownFileType = sourcecode.swift; path = AuthenticationPresenter.swift; sourceTree = "<group>"; };
		D6F069B51E55B22A002EB412 /* AuthenticationPresenterSpecs.swift */ = {isa = PBXFileReference; fileEncoding = 4; lastKnownFileType = sourcecode.swift; path = AuthenticationPresenterSpecs.swift; sourceTree = "<group>"; };
		D6F069B81E55B2AC002EB412 /* MockAuthenticationInteractor.swift */ = {isa = PBXFileReference; fileEncoding = 4; lastKnownFileType = sourcecode.swift; path = MockAuthenticationInteractor.swift; sourceTree = "<group>"; };
		D6F069BD1E55BB16002EB412 /* MockGoogleAuthenticationService.swift */ = {isa = PBXFileReference; fileEncoding = 4; lastKnownFileType = sourcecode.swift; path = MockGoogleAuthenticationService.swift; sourceTree = "<group>"; };
		E11F57B516565FAB79D6EA00 /* Pods-booklendingTests.release.xcconfig */ = {isa = PBXFileReference; includeInIndex = 1; lastKnownFileType = text.xcconfig; name = "Pods-booklendingTests.release.xcconfig"; path = "Pods/Target Support Files/Pods-booklendingTests/Pods-booklendingTests.release.xcconfig"; sourceTree = "<group>"; };
		ED7C7B36F71D97A72880F6B0 /* Pods-booklending.debug.xcconfig */ = {isa = PBXFileReference; includeInIndex = 1; lastKnownFileType = text.xcconfig; name = "Pods-booklending.debug.xcconfig"; path = "Pods/Target Support Files/Pods-booklending/Pods-booklending.debug.xcconfig"; sourceTree = "<group>"; };
		F97F972691296FBCBFE99BAA /* Pods-booklendingTests.debug.xcconfig */ = {isa = PBXFileReference; includeInIndex = 1; lastKnownFileType = text.xcconfig; name = "Pods-booklendingTests.debug.xcconfig"; path = "Pods/Target Support Files/Pods-booklendingTests/Pods-booklendingTests.debug.xcconfig"; sourceTree = "<group>"; };
		FA49431F670A5BDC9A0B7B9A /* Pods-booklendingUITests.debug.xcconfig */ = {isa = PBXFileReference; includeInIndex = 1; lastKnownFileType = text.xcconfig; name = "Pods-booklendingUITests.debug.xcconfig"; path = "Pods/Target Support Files/Pods-booklendingUITests/Pods-booklendingUITests.debug.xcconfig"; sourceTree = "<group>"; };
/* End PBXFileReference section */

/* Begin PBXFrameworksBuildPhase section */
		D63550BD1E51AA4100C0EE3D /* Frameworks */ = {
			isa = PBXFrameworksBuildPhase;
			buildActionMask = 2147483647;
			files = (
				AF8CEAE5B944A9271AF04146 /* Pods_booklending.framework in Frameworks */,
			);
			runOnlyForDeploymentPostprocessing = 0;
		};
		D63550D11E51AA4100C0EE3D /* Frameworks */ = {
			isa = PBXFrameworksBuildPhase;
			buildActionMask = 2147483647;
			files = (
				D62D4DD31E556FE3004D0486 /* GGLSignIn.framework in Frameworks */,
				CF09D65A6BC3ED81E6DD4232 /* Pods_booklendingTests.framework in Frameworks */,
			);
			runOnlyForDeploymentPostprocessing = 0;
		};
		D63550DC1E51AA4100C0EE3D /* Frameworks */ = {
			isa = PBXFrameworksBuildPhase;
			buildActionMask = 2147483647;
			files = (
				A9AD6346137D092BA91494E3 /* Pods_booklendingUITests.framework in Frameworks */,
			);
			runOnlyForDeploymentPostprocessing = 0;
		};
/* End PBXFrameworksBuildPhase section */

/* Begin PBXGroup section */
		065AEDDDACE97140AB7E9396 /* Frameworks */ = {
			isa = PBXGroup;
			children = (
				D62D4DD21E556FE3004D0486 /* GGLSignIn.framework */,
				BB5C21B068802BAD1A1EEF2E /* Pods_booklending.framework */,
				C9A28935D0792F7BC6B81747 /* Pods_booklendingTests.framework */,
				000D25E026285A2B8E1C9CA4 /* Pods_booklendingUITests.framework */,
			);
			name = Frameworks;
			sourceTree = "<group>";
		};
		2EE388663AC1463B736E4D47 /* Pods */ = {
			isa = PBXGroup;
			children = (
				ED7C7B36F71D97A72880F6B0 /* Pods-booklending.debug.xcconfig */,
				6B4FCD6F738D9D901649BA0F /* Pods-booklending.release.xcconfig */,
				F97F972691296FBCBFE99BAA /* Pods-booklendingTests.debug.xcconfig */,
				E11F57B516565FAB79D6EA00 /* Pods-booklendingTests.release.xcconfig */,
				FA49431F670A5BDC9A0B7B9A /* Pods-booklendingUITests.debug.xcconfig */,
				4900CC68FF7C707BF8671A35 /* Pods-booklendingUITests.release.xcconfig */,
			);
			name = Pods;
			sourceTree = "<group>";
		};
		D62D4DAB1E544B3C004D0486 /* Services */ = {
			isa = PBXGroup;
			children = (
				D62D4DAC1E544B62004D0486 /* Authentication */,
			);
			path = Services;
			sourceTree = "<group>";
		};
		D62D4DAC1E544B62004D0486 /* Authentication */ = {
			isa = PBXGroup;
			children = (
				D62D4DAD1E544B80004D0486 /* AuthenticationService.swift */,
				D62D4DB51E544E39004D0486 /* GoogleAuthenticationService.swift */,
			);
			path = Authentication;
			sourceTree = "<group>";
		};
		D62D4DAF1E544BEB004D0486 /* Models */ = {
			isa = PBXGroup;
			children = (
				D62D4DB01E544C05004D0486 /* User.swift */,
				D62D4DB31E544D50004D0486 /* SignIn.swift */,
				D6C5EB6F1E56A1BC00583B90 /* Email.swift */,
			);
			path = Models;
			sourceTree = "<group>";
		};
		D62D4DB91E55646A004D0486 /* Interactors */ = {
			isa = PBXGroup;
			children = (
				D62D4DBB1E55648E004D0486 /* AuthenticationInteractorProtocol.swift */,
				D62D4DC11E556644004D0486 /* AuthenticationInteractor.swift */,
			);
			path = Interactors;
			sourceTree = "<group>";
		};
		D62D4DBD1E5564D3004D0486 /* Presenters */ = {
			isa = PBXGroup;
			children = (
				D62D4DBF1E5564F2004D0486 /* AuthenticationOutput.swift */,
				D6F069B01E55AD70002EB412 /* AuthenticationPresenterProtocol.swift */,
				D6F069B21E55ADDC002EB412 /* AuthenticationPresenter.swift */,
			);
			path = Presenters;
			sourceTree = "<group>";
		};
		D62D4DC81E556C75004D0486 /* Providers */ = {
			isa = PBXGroup;
			children = (
				D62D4DC91E556C8D004D0486 /* GoogleSignInProviderProtocol.swift */,
				D62D4DCB1E556CC7004D0486 /* GoogleSignInProvider.swift */,
			);
			path = Providers;
			sourceTree = "<group>";
		};
		D62D4DCD1E556E9E004D0486 /* Services */ = {
			isa = PBXGroup;
			children = (
				D62D4DCE1E556EB8004D0486 /* Authentication */,
			);
			path = Services;
			sourceTree = "<group>";
		};
		D62D4DCE1E556EB8004D0486 /* Authentication */ = {
			isa = PBXGroup;
			children = (
				D62D4DD01E556EE9004D0486 /* GoogleAuthenticationServiceSpecs.swift */,
			);
			path = Authentication;
			sourceTree = "<group>";
		};
		D63550B71E51AA4100C0EE3D = {
			isa = PBXGroup;
			children = (
				D63550C21E51AA4100C0EE3D /* booklending */,
				D63550D71E51AA4100C0EE3D /* booklendingTests */,
				D63550E21E51AA4100C0EE3D /* booklendingUITests */,
				D63550C11E51AA4100C0EE3D /* Products */,
				2EE388663AC1463B736E4D47 /* Pods */,
				065AEDDDACE97140AB7E9396 /* Frameworks */,
			);
			sourceTree = "<group>";
		};
		D63550C11E51AA4100C0EE3D /* Products */ = {
			isa = PBXGroup;
			children = (
				D63550C01E51AA4100C0EE3D /* booklending.app */,
				D63550D41E51AA4100C0EE3D /* booklendingTests.xctest */,
				D63550DF1E51AA4100C0EE3D /* booklendingUITests.xctest */,
			);
			name = Products;
			sourceTree = "<group>";
		};
		D63550C21E51AA4100C0EE3D /* booklending */ = {
			isa = PBXGroup;
			children = (
				D6F069BA1E55B772002EB412 /* Core */,
				D63550FD1E5315B900C0EE3D /* ViewControllers */,
				D63550F61E5314B900C0EE3D /* GoogleService-Info.plist */,
				D63550C31E51AA4100C0EE3D /* AppDelegate.swift */,
				D63550CA1E51AA4100C0EE3D /* Assets.xcassets */,
				D63550CC1E51AA4100C0EE3D /* LaunchScreen.storyboard */,
				D63550CF1E51AA4100C0EE3D /* Info.plist */,
				D63550F91E53156300C0EE3D /* booklending-Bridging-Header.h */,
			);
			path = booklending;
			sourceTree = "<group>";
		};
		D63550D71E51AA4100C0EE3D /* booklendingTests */ = {
			isa = PBXGroup;
			children = (
				D6C5EB531E55DE8100583B90 /* Tests */,
				D6F0699F1E559C4B002EB412 /* Mocks */,
				D62D4DCF1E556EE8004D0486 /* booklendingTests-Bridging-Header.h */,
				D63550DA1E51AA4100C0EE3D /* Info.plist */,
			);
			path = booklendingTests;
			sourceTree = "<group>";
		};
		D63550E21E51AA4100C0EE3D /* booklendingUITests */ = {
			isa = PBXGroup;
			children = (
				D63550E51E51AA4100C0EE3D /* Info.plist */,
				D6C5EB751E56D8BF00583B90 /* testExample.swift */,
				D6C5EB741E56D8BF00583B90 /* booklendingUITests-Bridging-Header.h */,
			);
			path = booklendingUITests;
			sourceTree = "<group>";
		};
		D63550FD1E5315B900C0EE3D /* ViewControllers */ = {
			isa = PBXGroup;
			children = (
				D6C5EB6A1E561C4200583B90 /* Books */,
				D6F069AC1E55AD03002EB412 /* Authentication */,
				D63550FE1E5315E400C0EE3D /* RootController.swift */,
			);
			path = ViewControllers;
			sourceTree = "<group>";
		};
		D63551001E53FE8B00C0EE3D /* Managers */ = {
			isa = PBXGroup;
			children = (
				D63551011E53FF0800C0EE3D /* Application.swift */,
				D63551031E53FF6D00C0EE3D /* UserManager.swift */,
				D62D4DB71E545AAC004D0486 /* UserManagerProtocol.swift */,
			);
			path = Managers;
			sourceTree = "<group>";
		};
		D6C5EB531E55DE8100583B90 /* Tests */ = {
			isa = PBXGroup;
			children = (
				D6C5EB711E56A34400583B90 /* Model */,
				D6C5EB601E56036C00583B90 /* Extensions */,
				D6C5EB591E55FBB700583B90 /* Repositories */,
				D6F069A91E55A3A4002EB412 /* Interactors */,
				D6F069B41E55B20E002EB412 /* Presenters */,
				D62D4DCD1E556E9E004D0486 /* Services */,
			);
			name = Tests;
			sourceTree = "<group>";
		};
		D6C5EB541E55FA5100583B90 /* Repositories */ = {
			isa = PBXGroup;
			children = (
				D6C5EB551E55FA6E00583B90 /* UserRepositoryProtocol.swift */,
				D6C5EB571E55FA9800583B90 /* UserRepository.swift */,
			);
			path = Repositories;
			sourceTree = "<group>";
		};
		D6C5EB591E55FBB700583B90 /* Repositories */ = {
			isa = PBXGroup;
			children = (
				D6C5EB5A1E55FBCE00583B90 /* UserRepositorySpecs.swift */,
			);
			path = Repositories;
			sourceTree = "<group>";
		};
		D6C5EB5C1E56006200583B90 /* Extensions */ = {
			isa = PBXGroup;
			children = (
				D6C5EB5D1E56006F00583B90 /* Foundation */,
			);
			path = Extensions;
			sourceTree = "<group>";
		};
		D6C5EB5D1E56006F00583B90 /* Foundation */ = {
			isa = PBXGroup;
			children = (
				D6C5EB5E1E56008B00583B90 /* UserDefaults+CustomObject.swift */,
			);
			path = Foundation;
			sourceTree = "<group>";
		};
		D6C5EB601E56036C00583B90 /* Extensions */ = {
			isa = PBXGroup;
			children = (
				D6C5EB611E56038400583B90 /* UserDefaults+CustomObjectSpecs.swift */,
			);
			path = Extensions;
			sourceTree = "<group>";
		};
		D6C5EB631E560C2B00583B90 /* Repositories */ = {
			isa = PBXGroup;
			children = (
				D6C5EB641E560C4800583B90 /* MockUserRepository.swift */,
			);
			path = Repositories;
			sourceTree = "<group>";
		};
		D6C5EB6A1E561C4200583B90 /* Books */ = {
			isa = PBXGroup;
			children = (
				D6C5EB6B1E561C5800583B90 /* BooksListViewController.swift */,
				D6C5EB6C1E561C5800583B90 /* BooksListViewController.xib */,
			);
			path = Books;
			sourceTree = "<group>";
		};
		D6C5EB711E56A34400583B90 /* Model */ = {
			isa = PBXGroup;
			children = (
				D6C5EB721E56A37800583B90 /* EmailSpecs.swift */,
			);
			name = Model;
			path = Email;
			sourceTree = "<group>";
		};
		D6F0699F1E559C4B002EB412 /* Mocks */ = {
			isa = PBXGroup;
			children = (
				D6C5EB631E560C2B00583B90 /* Repositories */,
				D6F069BC1E55BAFA002EB412 /* Services */,
				D6F069B71E55B291002EB412 /* Interactors */,
				D6F069A61E559D0F002EB412 /* Providers */,
				D6F069A01E559C57002EB412 /* Google */,
			);
			path = Mocks;
			sourceTree = "<group>";
		};
		D6F069A01E559C57002EB412 /* Google */ = {
			isa = PBXGroup;
			children = (
				D6F069A11E559C73002EB412 /* MockGIDGoogleUser.swift */,
				D6F069A31E559C91002EB412 /* MockGIDProfileData.swift */,
			);
			path = Google;
			sourceTree = "<group>";
		};
		D6F069A61E559D0F002EB412 /* Providers */ = {
			isa = PBXGroup;
			children = (
				D6F069A71E559D2B002EB412 /* MockGoogleSignInProvider.swift */,
			);
			path = Providers;
			sourceTree = "<group>";
		};
		D6F069A91E55A3A4002EB412 /* Interactors */ = {
			isa = PBXGroup;
			children = (
				D6F069AA1E55A3BF002EB412 /* AuthenticationInteractorSpecs.swift */,
			);
			path = Interactors;
			sourceTree = "<group>";
		};
		D6F069AC1E55AD03002EB412 /* Authentication */ = {
			isa = PBXGroup;
			children = (
				D6F069AE1E55AD2A002EB412 /* AuthenticationViewProtocol.swift */,
				D6C5EB661E560EDD00583B90 /* AuthenticationViewController.swift */,
				D6C5EB671E560EDD00583B90 /* AuthenticationViewController.xib */,
			);
			path = Authentication;
			sourceTree = "<group>";
		};
		D6F069B41E55B20E002EB412 /* Presenters */ = {
			isa = PBXGroup;
			children = (
				D6F069B51E55B22A002EB412 /* AuthenticationPresenterSpecs.swift */,
			);
			path = Presenters;
			sourceTree = "<group>";
		};
		D6F069B71E55B291002EB412 /* Interactors */ = {
			isa = PBXGroup;
			children = (
				D6F069B81E55B2AC002EB412 /* MockAuthenticationInteractor.swift */,
			);
			path = Interactors;
			sourceTree = "<group>";
		};
		D6F069BA1E55B772002EB412 /* Core */ = {
			isa = PBXGroup;
			children = (
				D6C5EB5C1E56006200583B90 /* Extensions */,
				D6C5EB541E55FA5100583B90 /* Repositories */,
				D62D4DC81E556C75004D0486 /* Providers */,
				D62D4DBD1E5564D3004D0486 /* Presenters */,
				D62D4DB91E55646A004D0486 /* Interactors */,
				D62D4DAF1E544BEB004D0486 /* Models */,
				D62D4DAB1E544B3C004D0486 /* Services */,
				D63551001E53FE8B00C0EE3D /* Managers */,
			);
			name = Core;
			sourceTree = "<group>";
		};
		D6F069BC1E55BAFA002EB412 /* Services */ = {
			isa = PBXGroup;
			children = (
				D6F069BD1E55BB16002EB412 /* MockGoogleAuthenticationService.swift */,
			);
			path = Services;
			sourceTree = "<group>";
		};
/* End PBXGroup section */

/* Begin PBXNativeTarget section */
		D63550BF1E51AA4100C0EE3D /* booklending */ = {
			isa = PBXNativeTarget;
			buildConfigurationList = D63550E81E51AA4100C0EE3D /* Build configuration list for PBXNativeTarget "booklending" */;
			buildPhases = (
				F4E178FB27841386AA40E276 /* [CP] Check Pods Manifest.lock */,
				D63550BC1E51AA4100C0EE3D /* Sources */,
				D63550BD1E51AA4100C0EE3D /* Frameworks */,
				D63550BE1E51AA4100C0EE3D /* Resources */,
				FB11D1C809F23B51C27D2B32 /* [CP] Embed Pods Frameworks */,
				2A870482F66241FED3D3FC2E /* [CP] Copy Pods Resources */,
			);
			buildRules = (
			);
			dependencies = (
			);
			name = booklending;
			productName = booklending;
			productReference = D63550C01E51AA4100C0EE3D /* booklending.app */;
			productType = "com.apple.product-type.application";
		};
		D63550D31E51AA4100C0EE3D /* booklendingTests */ = {
			isa = PBXNativeTarget;
			buildConfigurationList = D63550EB1E51AA4100C0EE3D /* Build configuration list for PBXNativeTarget "booklendingTests" */;
			buildPhases = (
				86B21F40C632373FDF8D742B /* [CP] Check Pods Manifest.lock */,
				D63550D01E51AA4100C0EE3D /* Sources */,
				D63550D11E51AA4100C0EE3D /* Frameworks */,
				D63550D21E51AA4100C0EE3D /* Resources */,
				B4DFD8133C01017D04F7097A /* [CP] Embed Pods Frameworks */,
				6F129F68E0F0C8AE5C405A4F /* [CP] Copy Pods Resources */,
			);
			buildRules = (
			);
			dependencies = (
				D63550D61E51AA4100C0EE3D /* PBXTargetDependency */,
			);
			name = booklendingTests;
			productName = booklendingTests;
			productReference = D63550D41E51AA4100C0EE3D /* booklendingTests.xctest */;
			productType = "com.apple.product-type.bundle.unit-test";
		};
		D63550DE1E51AA4100C0EE3D /* booklendingUITests */ = {
			isa = PBXNativeTarget;
			buildConfigurationList = D63550EE1E51AA4100C0EE3D /* Build configuration list for PBXNativeTarget "booklendingUITests" */;
			buildPhases = (
				EE12E02026D9A3933C8F9EDA /* [CP] Check Pods Manifest.lock */,
				D63550DB1E51AA4100C0EE3D /* Sources */,
				D63550DC1E51AA4100C0EE3D /* Frameworks */,
				D63550DD1E51AA4100C0EE3D /* Resources */,
				8BC1235F1E7AD1842FE7536D /* [CP] Embed Pods Frameworks */,
				542C6EF2FE8310E289D0BF35 /* [CP] Copy Pods Resources */,
			);
			buildRules = (
			);
			dependencies = (
				D63550E11E51AA4100C0EE3D /* PBXTargetDependency */,
			);
			name = booklendingUITests;
			productName = booklendingUITests;
			productReference = D63550DF1E51AA4100C0EE3D /* booklendingUITests.xctest */;
			productType = "com.apple.product-type.bundle.ui-testing";
		};
/* End PBXNativeTarget section */

/* Begin PBXProject section */
		D63550B81E51AA4100C0EE3D /* Project object */ = {
			isa = PBXProject;
			attributes = {
				LastSwiftUpdateCheck = 0820;
				LastUpgradeCheck = 0820;
				ORGANIZATIONNAME = "Cuong Doan";
				TargetAttributes = {
					D63550BF1E51AA4100C0EE3D = {
						CreatedOnToolsVersion = 8.2.1;
						LastSwiftMigration = 0820;
						ProvisioningStyle = Manual;
					};
					D63550D31E51AA4100C0EE3D = {
						CreatedOnToolsVersion = 8.2.1;
						DevelopmentTeam = Q47BC9T672;
						LastSwiftMigration = 0820;
						ProvisioningStyle = Automatic;
						TestTargetID = D63550BF1E51AA4100C0EE3D;
					};
					D63550DE1E51AA4100C0EE3D = {
						CreatedOnToolsVersion = 8.2.1;
						DevelopmentTeam = Q47BC9T672;
						LastSwiftMigration = 0820;
						ProvisioningStyle = Automatic;
						TestTargetID = D63550BF1E51AA4100C0EE3D;
					};
				};
			};
			buildConfigurationList = D63550BB1E51AA4100C0EE3D /* Build configuration list for PBXProject "booklending" */;
			compatibilityVersion = "Xcode 3.2";
			developmentRegion = English;
			hasScannedForEncodings = 0;
			knownRegions = (
				en,
				Base,
			);
			mainGroup = D63550B71E51AA4100C0EE3D;
			productRefGroup = D63550C11E51AA4100C0EE3D /* Products */;
			projectDirPath = "";
			projectRoot = "";
			targets = (
				D63550BF1E51AA4100C0EE3D /* booklending */,
				D63550D31E51AA4100C0EE3D /* booklendingTests */,
				D63550DE1E51AA4100C0EE3D /* booklendingUITests */,
			);
		};
/* End PBXProject section */

/* Begin PBXResourcesBuildPhase section */
		D63550BE1E51AA4100C0EE3D /* Resources */ = {
			isa = PBXResourcesBuildPhase;
			buildActionMask = 2147483647;
			files = (
				D6C5EB691E560EDD00583B90 /* AuthenticationViewController.xib in Resources */,
				D63550CE1E51AA4100C0EE3D /* LaunchScreen.storyboard in Resources */,
				D63550F71E5314B900C0EE3D /* GoogleService-Info.plist in Resources */,
				D63550CB1E51AA4100C0EE3D /* Assets.xcassets in Resources */,
				D6C5EB6E1E561C5800583B90 /* BooksListViewController.xib in Resources */,
			);
			runOnlyForDeploymentPostprocessing = 0;
		};
		D63550D21E51AA4100C0EE3D /* Resources */ = {
			isa = PBXResourcesBuildPhase;
			buildActionMask = 2147483647;
			files = (
			);
			runOnlyForDeploymentPostprocessing = 0;
		};
		D63550DD1E51AA4100C0EE3D /* Resources */ = {
			isa = PBXResourcesBuildPhase;
			buildActionMask = 2147483647;
			files = (
			);
			runOnlyForDeploymentPostprocessing = 0;
		};
/* End PBXResourcesBuildPhase section */

/* Begin PBXShellScriptBuildPhase section */
		2A870482F66241FED3D3FC2E /* [CP] Copy Pods Resources */ = {
			isa = PBXShellScriptBuildPhase;
			buildActionMask = 2147483647;
			files = (
			);
			inputPaths = (
			);
			name = "[CP] Copy Pods Resources";
			outputPaths = (
			);
			runOnlyForDeploymentPostprocessing = 0;
			shellPath = /bin/sh;
			shellScript = "\"${SRCROOT}/Pods/Target Support Files/Pods-booklending/Pods-booklending-resources.sh\"\n";
			showEnvVarsInLog = 0;
		};
		542C6EF2FE8310E289D0BF35 /* [CP] Copy Pods Resources */ = {
			isa = PBXShellScriptBuildPhase;
			buildActionMask = 2147483647;
			files = (
			);
			inputPaths = (
			);
			name = "[CP] Copy Pods Resources";
			outputPaths = (
			);
			runOnlyForDeploymentPostprocessing = 0;
			shellPath = /bin/sh;
			shellScript = "\"${SRCROOT}/Pods/Target Support Files/Pods-booklendingUITests/Pods-booklendingUITests-resources.sh\"\n";
			showEnvVarsInLog = 0;
		};
		6F129F68E0F0C8AE5C405A4F /* [CP] Copy Pods Resources */ = {
			isa = PBXShellScriptBuildPhase;
			buildActionMask = 2147483647;
			files = (
			);
			inputPaths = (
			);
			name = "[CP] Copy Pods Resources";
			outputPaths = (
			);
			runOnlyForDeploymentPostprocessing = 0;
			shellPath = /bin/sh;
			shellScript = "\"${SRCROOT}/Pods/Target Support Files/Pods-booklendingTests/Pods-booklendingTests-resources.sh\"\n";
			showEnvVarsInLog = 0;
		};
		86B21F40C632373FDF8D742B /* [CP] Check Pods Manifest.lock */ = {
			isa = PBXShellScriptBuildPhase;
			buildActionMask = 2147483647;
			files = (
			);
			inputPaths = (
			);
			name = "[CP] Check Pods Manifest.lock";
			outputPaths = (
			);
			runOnlyForDeploymentPostprocessing = 0;
			shellPath = /bin/sh;
			shellScript = "diff \"${PODS_ROOT}/../Podfile.lock\" \"${PODS_ROOT}/Manifest.lock\" > /dev/null\nif [ $? != 0 ] ; then\n    # print error to STDERR\n    echo \"error: The sandbox is not in sync with the Podfile.lock. Run 'pod install' or update your CocoaPods installation.\" >&2\n    exit 1\nfi\n";
			showEnvVarsInLog = 0;
		};
		8BC1235F1E7AD1842FE7536D /* [CP] Embed Pods Frameworks */ = {
			isa = PBXShellScriptBuildPhase;
			buildActionMask = 2147483647;
			files = (
			);
			inputPaths = (
			);
			name = "[CP] Embed Pods Frameworks";
			outputPaths = (
			);
			runOnlyForDeploymentPostprocessing = 0;
			shellPath = /bin/sh;
			shellScript = "\"${SRCROOT}/Pods/Target Support Files/Pods-booklendingUITests/Pods-booklendingUITests-frameworks.sh\"\n";
			showEnvVarsInLog = 0;
		};
		B4DFD8133C01017D04F7097A /* [CP] Embed Pods Frameworks */ = {
			isa = PBXShellScriptBuildPhase;
			buildActionMask = 2147483647;
			files = (
			);
			inputPaths = (
			);
			name = "[CP] Embed Pods Frameworks";
			outputPaths = (
			);
			runOnlyForDeploymentPostprocessing = 0;
			shellPath = /bin/sh;
			shellScript = "\"${SRCROOT}/Pods/Target Support Files/Pods-booklendingTests/Pods-booklendingTests-frameworks.sh\"\n";
			showEnvVarsInLog = 0;
		};
		EE12E02026D9A3933C8F9EDA /* [CP] Check Pods Manifest.lock */ = {
			isa = PBXShellScriptBuildPhase;
			buildActionMask = 2147483647;
			files = (
			);
			inputPaths = (
			);
			name = "[CP] Check Pods Manifest.lock";
			outputPaths = (
			);
			runOnlyForDeploymentPostprocessing = 0;
			shellPath = /bin/sh;
			shellScript = "diff \"${PODS_ROOT}/../Podfile.lock\" \"${PODS_ROOT}/Manifest.lock\" > /dev/null\nif [ $? != 0 ] ; then\n    # print error to STDERR\n    echo \"error: The sandbox is not in sync with the Podfile.lock. Run 'pod install' or update your CocoaPods installation.\" >&2\n    exit 1\nfi\n";
			showEnvVarsInLog = 0;
		};
		F4E178FB27841386AA40E276 /* [CP] Check Pods Manifest.lock */ = {
			isa = PBXShellScriptBuildPhase;
			buildActionMask = 2147483647;
			files = (
			);
			inputPaths = (
			);
			name = "[CP] Check Pods Manifest.lock";
			outputPaths = (
			);
			runOnlyForDeploymentPostprocessing = 0;
			shellPath = /bin/sh;
			shellScript = "diff \"${PODS_ROOT}/../Podfile.lock\" \"${PODS_ROOT}/Manifest.lock\" > /dev/null\nif [ $? != 0 ] ; then\n    # print error to STDERR\n    echo \"error: The sandbox is not in sync with the Podfile.lock. Run 'pod install' or update your CocoaPods installation.\" >&2\n    exit 1\nfi\n";
			showEnvVarsInLog = 0;
		};
		FB11D1C809F23B51C27D2B32 /* [CP] Embed Pods Frameworks */ = {
			isa = PBXShellScriptBuildPhase;
			buildActionMask = 2147483647;
			files = (
			);
			inputPaths = (
			);
			name = "[CP] Embed Pods Frameworks";
			outputPaths = (
			);
			runOnlyForDeploymentPostprocessing = 0;
			shellPath = /bin/sh;
			shellScript = "\"${SRCROOT}/Pods/Target Support Files/Pods-booklending/Pods-booklending-frameworks.sh\"\n";
			showEnvVarsInLog = 0;
		};
/* End PBXShellScriptBuildPhase section */

/* Begin PBXSourcesBuildPhase section */
		D63550BC1E51AA4100C0EE3D /* Sources */ = {
			isa = PBXSourcesBuildPhase;
			buildActionMask = 2147483647;
			files = (
				D6F069AF1E55AD2A002EB412 /* AuthenticationViewProtocol.swift in Sources */,
				D62D4DBC1E55648E004D0486 /* AuthenticationInteractorProtocol.swift in Sources */,
				D63550C41E51AA4100C0EE3D /* AppDelegate.swift in Sources */,
				D63551021E53FF0800C0EE3D /* Application.swift in Sources */,
				D62D4DAE1E544B80004D0486 /* AuthenticationService.swift in Sources */,
				D62D4DCA1E556C8D004D0486 /* GoogleSignInProviderProtocol.swift in Sources */,
				D6C5EB5F1E56008B00583B90 /* UserDefaults+CustomObject.swift in Sources */,
				D62D4DB81E545AAC004D0486 /* UserManagerProtocol.swift in Sources */,
				D6F069B31E55ADDC002EB412 /* AuthenticationPresenter.swift in Sources */,
				D62D4DC21E556644004D0486 /* AuthenticationInteractor.swift in Sources */,
				D6C5EB681E560EDD00583B90 /* AuthenticationViewController.swift in Sources */,
				D6F069B11E55AD70002EB412 /* AuthenticationPresenterProtocol.swift in Sources */,
				D63551041E53FF6D00C0EE3D /* UserManager.swift in Sources */,
				D6C5EB6D1E561C5800583B90 /* BooksListViewController.swift in Sources */,
				D6C5EB701E56A1BC00583B90 /* Email.swift in Sources */,
				D62D4DC01E5564F3004D0486 /* AuthenticationOutput.swift in Sources */,
				D63550FF1E5315E400C0EE3D /* RootController.swift in Sources */,
				D62D4DB61E544E39004D0486 /* GoogleAuthenticationService.swift in Sources */,
				D6C5EB561E55FA6E00583B90 /* UserRepositoryProtocol.swift in Sources */,
				D62D4DCC1E556CC7004D0486 /* GoogleSignInProvider.swift in Sources */,
				D62D4DB11E544C05004D0486 /* User.swift in Sources */,
				D6C5EB581E55FA9800583B90 /* UserRepository.swift in Sources */,
				D62D4DB41E544D50004D0486 /* SignIn.swift in Sources */,
			);
			runOnlyForDeploymentPostprocessing = 0;
		};
		D63550D01E51AA4100C0EE3D /* Sources */ = {
			isa = PBXSourcesBuildPhase;
			buildActionMask = 2147483647;
			files = (
				D6F069BE1E55BB16002EB412 /* MockGoogleAuthenticationService.swift in Sources */,
				D6F069A21E559C73002EB412 /* MockGIDGoogleUser.swift in Sources */,
				D6F069B91E55B2AC002EB412 /* MockAuthenticationInteractor.swift in Sources */,
				D6F069A41E559C91002EB412 /* MockGIDProfileData.swift in Sources */,
				D6F069AB1E55A3BF002EB412 /* AuthenticationInteractorSpecs.swift in Sources */,
				D6C5EB731E56A37800583B90 /* EmailSpecs.swift in Sources */,
				D6C5EB621E56038400583B90 /* UserDefaults+CustomObjectSpecs.swift in Sources */,
				D6F069B61E55B22A002EB412 /* AuthenticationPresenterSpecs.swift in Sources */,
				D62D4DD11E556EE9004D0486 /* GoogleAuthenticationServiceSpecs.swift in Sources */,
				D6F069A81E559D2B002EB412 /* MockGoogleSignInProvider.swift in Sources */,
				D6C5EB5B1E55FBCE00583B90 /* UserRepositorySpecs.swift in Sources */,
				D6C5EB651E560C4800583B90 /* MockUserRepository.swift in Sources */,
			);
			runOnlyForDeploymentPostprocessing = 0;
		};
		D63550DB1E51AA4100C0EE3D /* Sources */ = {
			isa = PBXSourcesBuildPhase;
			buildActionMask = 2147483647;
			files = (
				D6C5EB761E56D8BF00583B90 /* testExample.swift in Sources */,
			);
			runOnlyForDeploymentPostprocessing = 0;
		};
/* End PBXSourcesBuildPhase section */

/* Begin PBXTargetDependency section */
		D63550D61E51AA4100C0EE3D /* PBXTargetDependency */ = {
			isa = PBXTargetDependency;
			target = D63550BF1E51AA4100C0EE3D /* booklending */;
			targetProxy = D63550D51E51AA4100C0EE3D /* PBXContainerItemProxy */;
		};
		D63550E11E51AA4100C0EE3D /* PBXTargetDependency */ = {
			isa = PBXTargetDependency;
			target = D63550BF1E51AA4100C0EE3D /* booklending */;
			targetProxy = D63550E01E51AA4100C0EE3D /* PBXContainerItemProxy */;
		};
/* End PBXTargetDependency section */

/* Begin PBXVariantGroup section */
		D63550CC1E51AA4100C0EE3D /* LaunchScreen.storyboard */ = {
			isa = PBXVariantGroup;
			children = (
				D63550CD1E51AA4100C0EE3D /* Base */,
			);
			name = LaunchScreen.storyboard;
			sourceTree = "<group>";
		};
/* End PBXVariantGroup section */

/* Begin XCBuildConfiguration section */
		D63550E61E51AA4100C0EE3D /* Debug */ = {
			isa = XCBuildConfiguration;
			buildSettings = {
				ALWAYS_SEARCH_USER_PATHS = NO;
				CLANG_ANALYZER_NONNULL = YES;
				CLANG_CXX_LANGUAGE_STANDARD = "gnu++0x";
				CLANG_CXX_LIBRARY = "libc++";
				CLANG_ENABLE_MODULES = YES;
				CLANG_ENABLE_OBJC_ARC = YES;
				CLANG_WARN_BOOL_CONVERSION = YES;
				CLANG_WARN_CONSTANT_CONVERSION = YES;
				CLANG_WARN_DIRECT_OBJC_ISA_USAGE = YES_ERROR;
				CLANG_WARN_DOCUMENTATION_COMMENTS = YES;
				CLANG_WARN_EMPTY_BODY = YES;
				CLANG_WARN_ENUM_CONVERSION = YES;
				CLANG_WARN_INFINITE_RECURSION = YES;
				CLANG_WARN_INT_CONVERSION = YES;
				CLANG_WARN_OBJC_ROOT_CLASS = YES_ERROR;
				CLANG_WARN_SUSPICIOUS_MOVE = YES;
				CLANG_WARN_UNREACHABLE_CODE = YES;
				CLANG_WARN__DUPLICATE_METHOD_MATCH = YES;
				"CODE_SIGN_IDENTITY[sdk=iphoneos*]" = "iPhone Developer";
				COPY_PHASE_STRIP = NO;
				DEBUG_INFORMATION_FORMAT = dwarf;
				ENABLE_STRICT_OBJC_MSGSEND = YES;
				ENABLE_TESTABILITY = YES;
				GCC_C_LANGUAGE_STANDARD = gnu99;
				GCC_DYNAMIC_NO_PIC = NO;
				GCC_NO_COMMON_BLOCKS = YES;
				GCC_OPTIMIZATION_LEVEL = 0;
				GCC_PREPROCESSOR_DEFINITIONS = (
					"DEBUG=1",
					"$(inherited)",
				);
				GCC_WARN_64_TO_32_BIT_CONVERSION = YES;
				GCC_WARN_ABOUT_RETURN_TYPE = YES_ERROR;
				GCC_WARN_UNDECLARED_SELECTOR = YES;
				GCC_WARN_UNINITIALIZED_AUTOS = YES_AGGRESSIVE;
				GCC_WARN_UNUSED_FUNCTION = YES;
				GCC_WARN_UNUSED_VARIABLE = YES;
				IPHONEOS_DEPLOYMENT_TARGET = 10.2;
				MTL_ENABLE_DEBUG_INFO = YES;
				ONLY_ACTIVE_ARCH = YES;
				SDKROOT = iphoneos;
				SWIFT_ACTIVE_COMPILATION_CONDITIONS = DEBUG;
				SWIFT_OPTIMIZATION_LEVEL = "-Onone";
				TARGETED_DEVICE_FAMILY = "1,2";
			};
			name = Debug;
		};
		D63550E71E51AA4100C0EE3D /* Release */ = {
			isa = XCBuildConfiguration;
			buildSettings = {
				ALWAYS_SEARCH_USER_PATHS = NO;
				CLANG_ANALYZER_NONNULL = YES;
				CLANG_CXX_LANGUAGE_STANDARD = "gnu++0x";
				CLANG_CXX_LIBRARY = "libc++";
				CLANG_ENABLE_MODULES = YES;
				CLANG_ENABLE_OBJC_ARC = YES;
				CLANG_WARN_BOOL_CONVERSION = YES;
				CLANG_WARN_CONSTANT_CONVERSION = YES;
				CLANG_WARN_DIRECT_OBJC_ISA_USAGE = YES_ERROR;
				CLANG_WARN_DOCUMENTATION_COMMENTS = YES;
				CLANG_WARN_EMPTY_BODY = YES;
				CLANG_WARN_ENUM_CONVERSION = YES;
				CLANG_WARN_INFINITE_RECURSION = YES;
				CLANG_WARN_INT_CONVERSION = YES;
				CLANG_WARN_OBJC_ROOT_CLASS = YES_ERROR;
				CLANG_WARN_SUSPICIOUS_MOVE = YES;
				CLANG_WARN_UNREACHABLE_CODE = YES;
				CLANG_WARN__DUPLICATE_METHOD_MATCH = YES;
				"CODE_SIGN_IDENTITY[sdk=iphoneos*]" = "iPhone Developer";
				COPY_PHASE_STRIP = NO;
				DEBUG_INFORMATION_FORMAT = "dwarf-with-dsym";
				ENABLE_NS_ASSERTIONS = NO;
				ENABLE_STRICT_OBJC_MSGSEND = YES;
				GCC_C_LANGUAGE_STANDARD = gnu99;
				GCC_NO_COMMON_BLOCKS = YES;
				GCC_WARN_64_TO_32_BIT_CONVERSION = YES;
				GCC_WARN_ABOUT_RETURN_TYPE = YES_ERROR;
				GCC_WARN_UNDECLARED_SELECTOR = YES;
				GCC_WARN_UNINITIALIZED_AUTOS = YES_AGGRESSIVE;
				GCC_WARN_UNUSED_FUNCTION = YES;
				GCC_WARN_UNUSED_VARIABLE = YES;
				IPHONEOS_DEPLOYMENT_TARGET = 10.2;
				MTL_ENABLE_DEBUG_INFO = NO;
				SDKROOT = iphoneos;
				SWIFT_OPTIMIZATION_LEVEL = "-Owholemodule";
				TARGETED_DEVICE_FAMILY = "1,2";
				VALIDATE_PRODUCT = YES;
			};
			name = Release;
		};
		D63550E91E51AA4100C0EE3D /* Debug */ = {
			isa = XCBuildConfiguration;
			baseConfigurationReference = ED7C7B36F71D97A72880F6B0 /* Pods-booklending.debug.xcconfig */;
			buildSettings = {
				ASSETCATALOG_COMPILER_APPICON_NAME = AppIcon;
				CLANG_ENABLE_MODULES = YES;
				DEVELOPMENT_TEAM = "";
				INFOPLIST_FILE = booklending/Info.plist;
				LD_RUNPATH_SEARCH_PATHS = "$(inherited) @executable_path/Frameworks";
				PRODUCT_BUNDLE_IDENTIFIER = vn.siliconstraits.booklending;
				PRODUCT_NAME = "$(TARGET_NAME)";
				SWIFT_OBJC_BRIDGING_HEADER = "booklending/booklending-Bridging-Header.h";
				SWIFT_OPTIMIZATION_LEVEL = "-Onone";
				SWIFT_VERSION = 3.0;
				TARGETED_DEVICE_FAMILY = 1;
			};
			name = Debug;
		};
		D63550EA1E51AA4100C0EE3D /* Release */ = {
			isa = XCBuildConfiguration;
			baseConfigurationReference = 6B4FCD6F738D9D901649BA0F /* Pods-booklending.release.xcconfig */;
			buildSettings = {
				ASSETCATALOG_COMPILER_APPICON_NAME = AppIcon;
				CLANG_ENABLE_MODULES = YES;
				DEVELOPMENT_TEAM = "";
				INFOPLIST_FILE = booklending/Info.plist;
				LD_RUNPATH_SEARCH_PATHS = "$(inherited) @executable_path/Frameworks";
				PRODUCT_BUNDLE_IDENTIFIER = vn.siliconstraits.booklending;
				PRODUCT_NAME = "$(TARGET_NAME)";
				SWIFT_OBJC_BRIDGING_HEADER = "booklending/booklending-Bridging-Header.h";
				SWIFT_VERSION = 3.0;
				TARGETED_DEVICE_FAMILY = 1;
			};
			name = Release;
		};
		D63550EC1E51AA4100C0EE3D /* Debug */ = {
			isa = XCBuildConfiguration;
			baseConfigurationReference = F97F972691296FBCBFE99BAA /* Pods-booklendingTests.debug.xcconfig */;
			buildSettings = {
				ALWAYS_EMBED_SWIFT_STANDARD_LIBRARIES = YES;
				BUNDLE_LOADER = "$(TEST_HOST)";
				CLANG_ENABLE_MODULES = YES;
				DEVELOPMENT_TEAM = Q47BC9T672;
				FRAMEWORK_SEARCH_PATHS = (
					"$(inherited)",
					"$(PROJECT_DIR)/Pods/Google/Frameworks",
				);
				INFOPLIST_FILE = booklendingTests/Info.plist;
				LD_RUNPATH_SEARCH_PATHS = "$(inherited) @executable_path/Frameworks @loader_path/Frameworks";
				PRODUCT_BUNDLE_IDENTIFIER = vn.siliconstraits.booklendingTests;
				PRODUCT_NAME = "$(TARGET_NAME)";
				SWIFT_OBJC_BRIDGING_HEADER = "booklendingTests/booklendingTests-Bridging-Header.h";
				SWIFT_OPTIMIZATION_LEVEL = "-Onone";
				SWIFT_VERSION = 3.0;
				TEST_HOST = "$(BUILT_PRODUCTS_DIR)/booklending.app/booklending";
			};
			name = Debug;
		};
		D63550ED1E51AA4100C0EE3D /* Release */ = {
			isa = XCBuildConfiguration;
			baseConfigurationReference = E11F57B516565FAB79D6EA00 /* Pods-booklendingTests.release.xcconfig */;
			buildSettings = {
				ALWAYS_EMBED_SWIFT_STANDARD_LIBRARIES = YES;
				BUNDLE_LOADER = "$(TEST_HOST)";
				CLANG_ENABLE_MODULES = YES;
				DEVELOPMENT_TEAM = Q47BC9T672;
				FRAMEWORK_SEARCH_PATHS = (
					"$(inherited)",
					"$(PROJECT_DIR)/Pods/Google/Frameworks",
				);
				INFOPLIST_FILE = booklendingTests/Info.plist;
				LD_RUNPATH_SEARCH_PATHS = "$(inherited) @executable_path/Frameworks @loader_path/Frameworks";
				PRODUCT_BUNDLE_IDENTIFIER = vn.siliconstraits.booklendingTests;
				PRODUCT_NAME = "$(TARGET_NAME)";
				SWIFT_OBJC_BRIDGING_HEADER = "booklendingTests/booklendingTests-Bridging-Header.h";
				SWIFT_VERSION = 3.0;
				TEST_HOST = "$(BUILT_PRODUCTS_DIR)/booklending.app/booklending";
			};
			name = Release;
		};
		D63550EF1E51AA4100C0EE3D /* Debug */ = {
			isa = XCBuildConfiguration;
			baseConfigurationReference = FA49431F670A5BDC9A0B7B9A /* Pods-booklendingUITests.debug.xcconfig */;
			buildSettings = {
				ALWAYS_EMBED_SWIFT_STANDARD_LIBRARIES = YES;
				CLANG_ENABLE_MODULES = YES;
				DEVELOPMENT_TEAM = Q47BC9T672;
				INFOPLIST_FILE = booklendingUITests/Info.plist;
				LD_RUNPATH_SEARCH_PATHS = "$(inherited) @executable_path/Frameworks @loader_path/Frameworks";
				PRODUCT_BUNDLE_IDENTIFIER = vn.siliconstraits.booklendingUITests;
				PRODUCT_NAME = "$(TARGET_NAME)";
				SWIFT_OBJC_BRIDGING_HEADER = "booklendingUITests/booklendingUITests-Bridging-Header.h";
				SWIFT_OPTIMIZATION_LEVEL = "-Onone";
				SWIFT_VERSION = 3.0;
				TEST_TARGET_NAME = booklending;
			};
			name = Debug;
		};
		D63550F01E51AA4100C0EE3D /* Release */ = {
			isa = XCBuildConfiguration;
			baseConfigurationReference = 4900CC68FF7C707BF8671A35 /* Pods-booklendingUITests.release.xcconfig */;
			buildSettings = {
				ALWAYS_EMBED_SWIFT_STANDARD_LIBRARIES = YES;
				CLANG_ENABLE_MODULES = YES;
				DEVELOPMENT_TEAM = Q47BC9T672;
				INFOPLIST_FILE = booklendingUITests/Info.plist;
				LD_RUNPATH_SEARCH_PATHS = "$(inherited) @executable_path/Frameworks @loader_path/Frameworks";
				PRODUCT_BUNDLE_IDENTIFIER = vn.siliconstraits.booklendingUITests;
				PRODUCT_NAME = "$(TARGET_NAME)";
				SWIFT_OBJC_BRIDGING_HEADER = "booklendingUITests/booklendingUITests-Bridging-Header.h";
				SWIFT_VERSION = 3.0;
				TEST_TARGET_NAME = booklending;
			};
			name = Release;
		};
/* End XCBuildConfiguration section */

/* Begin XCConfigurationList section */
		D63550BB1E51AA4100C0EE3D /* Build configuration list for PBXProject "booklending" */ = {
			isa = XCConfigurationList;
			buildConfigurations = (
				D63550E61E51AA4100C0EE3D /* Debug */,
				D63550E71E51AA4100C0EE3D /* Release */,
			);
			defaultConfigurationIsVisible = 0;
			defaultConfigurationName = Release;
		};
		D63550E81E51AA4100C0EE3D /* Build configuration list for PBXNativeTarget "booklending" */ = {
			isa = XCConfigurationList;
			buildConfigurations = (
				D63550E91E51AA4100C0EE3D /* Debug */,
				D63550EA1E51AA4100C0EE3D /* Release */,
			);
			defaultConfigurationIsVisible = 0;
			defaultConfigurationName = Release;
		};
		D63550EB1E51AA4100C0EE3D /* Build configuration list for PBXNativeTarget "booklendingTests" */ = {
			isa = XCConfigurationList;
			buildConfigurations = (
				D63550EC1E51AA4100C0EE3D /* Debug */,
				D63550ED1E51AA4100C0EE3D /* Release */,
			);
			defaultConfigurationIsVisible = 0;
			defaultConfigurationName = Release;
		};
		D63550EE1E51AA4100C0EE3D /* Build configuration list for PBXNativeTarget "booklendingUITests" */ = {
			isa = XCConfigurationList;
			buildConfigurations = (
				D63550EF1E51AA4100C0EE3D /* Debug */,
				D63550F01E51AA4100C0EE3D /* Release */,
			);
			defaultConfigurationIsVisible = 0;
			defaultConfigurationName = Release;
		};
/* End XCConfigurationList section */
	};
	rootObject = D63550B81E51AA4100C0EE3D /* Project object */;
}
